// !$*UTF8*$!
{
	archiveVersion = 1;
	classes = {
	};
	objectVersion = 46;
	objects = {

/* Begin PBXBuildFile section */
		91949BCD1B72EF5800D22058 /* AppDelegate.swift in Sources */ = {isa = PBXBuildFile; fileRef = 91949BCC1B72EF5800D22058 /* AppDelegate.swift */; };
		91949BCF1B72EF5800D22058 /* ViewController.swift in Sources */ = {isa = PBXBuildFile; fileRef = 91949BCE1B72EF5800D22058 /* ViewController.swift */; };
		91949BD21B72EF5900D22058 /* Main.storyboard in Resources */ = {isa = PBXBuildFile; fileRef = 91949BD01B72EF5900D22058 /* Main.storyboard */; };
		91949BD41B72EF5900D22058 /* Images.xcassets in Resources */ = {isa = PBXBuildFile; fileRef = 91949BD31B72EF5900D22058 /* Images.xcassets */; };
		91949BD71B72EF5900D22058 /* LaunchScreen.xib in Resources */ = {isa = PBXBuildFile; fileRef = 91949BD51B72EF5900D22058 /* LaunchScreen.xib */; };
		91949BE31B72EF5900D22058 /* __TableViewTests.swift in Sources */ = {isa = PBXBuildFile; fileRef = 91949BE21B72EF5900D22058 /* __TableViewTests.swift */; };
		91949BED1B72EFEF00D22058 /* UserModel.swift in Sources */ = {isa = PBXBuildFile; fileRef = 91949BEC1B72EFEF00D22058 /* UserModel.swift */; };
		91949BEF1B72F0F100D22058 /* UserInfoCell.swift in Sources */ = {isa = PBXBuildFile; fileRef = 91949BEE1B72F0F100D22058 /* UserInfoCell.swift */; };
/* End PBXBuildFile section */

/* Begin PBXContainerItemProxy section */
		91949BDD1B72EF5900D22058 /* PBXContainerItemProxy */ = {
			isa = PBXContainerItemProxy;
			containerPortal = 91949BBF1B72EF5800D22058 /* Project object */;
			proxyType = 1;
			remoteGlobalIDString = 91949BC61B72EF5800D22058;
			remoteInfo = "入门TableView";
		};
/* End PBXContainerItemProxy section */

/* Begin PBXFileReference section */
		91949BC71B72EF5800D22058 /* 入门TableView.app */ = {isa = PBXFileReference; explicitFileType = wrapper.application; includeInIndex = 0; path = "入门TableView.app"; sourceTree = BUILT_PRODUCTS_DIR; };
		91949BCB1B72EF5800D22058 /* Info.plist */ = {isa = PBXFileReference; lastKnownFileType = text.plist.xml; path = Info.plist; sourceTree = "<group>"; };
		91949BCC1B72EF5800D22058 /* AppDelegate.swift */ = {isa = PBXFileReference; lastKnownFileType = sourcecode.swift; path = AppDelegate.swift; sourceTree = "<group>"; };
		91949BCE1B72EF5800D22058 /* ViewController.swift */ = {isa = PBXFileReference; lastKnownFileType = sourcecode.swift; path = ViewController.swift; sourceTree = "<group>"; };
		91949BD11B72EF5900D22058 /* Base */ = {isa = PBXFileReference; lastKnownFileType = file.storyboard; name = Base; path = Base.lproj/Main.storyboard; sourceTree = "<group>"; };
		91949BD31B72EF5900D22058 /* Images.xcassets */ = {isa = PBXFileReference; lastKnownFileType = folder.assetcatalog; path = Images.xcassets; sourceTree = "<group>"; };
		91949BD61B72EF5900D22058 /* Base */ = {isa = PBXFileReference; lastKnownFileType = file.xib; name = Base; path = Base.lproj/LaunchScreen.xib; sourceTree = "<group>"; };
		91949BDC1B72EF5900D22058 /* 入门TableViewTests.xctest */ = {isa = PBXFileReference; explicitFileType = wrapper.cfbundle; includeInIndex = 0; path = "入门TableViewTests.xctest"; sourceTree = BUILT_PRODUCTS_DIR; };
		91949BE11B72EF5900D22058 /* Info.plist */ = {isa = PBXFileReference; lastKnownFileType = text.plist.xml; path = Info.plist; sourceTree = "<group>"; };
		91949BE21B72EF5900D22058 /* __TableViewTests.swift */ = {isa = PBXFileReference; lastKnownFileType = sourcecode.swift; path = __TableViewTests.swift; sourceTree = "<group>"; };
		91949BEC1B72EFEF00D22058 /* UserModel.swift */ = {isa = PBXFileReference; fileEncoding = 4; lastKnownFileType = sourcecode.swift; path = UserModel.swift; sourceTree = "<group>"; };
		91949BEE1B72F0F100D22058 /* UserInfoCell.swift */ = {isa = PBXFileReference; fileEncoding = 4; lastKnownFileType = sourcecode.swift; path = UserInfoCell.swift; sourceTree = "<group>"; };
/* End PBXFileReference section */

/* Begin PBXFrameworksBuildPhase section */
		91949BC41B72EF5800D22058 /* Frameworks */ = {
			isa = PBXFrameworksBuildPhase;
			buildActionMask = 2147483647;
			files = (
			);
			runOnlyForDeploymentPostprocessing = 0;
		};
		91949BD91B72EF5900D22058 /* Frameworks */ = {
			isa = PBXFrameworksBuildPhase;
			buildActionMask = 2147483647;
			files = (
			);
			runOnlyForDeploymentPostprocessing = 0;
		};
/* End PBXFrameworksBuildPhase section */

/* Begin PBXGroup section */
		91949BBE1B72EF5800D22058 = {
			isa = PBXGroup;
			children = (
				91949BC91B72EF5800D22058 /* 入门TableView */,
				91949BDF1B72EF5900D22058 /* 入门TableViewTests */,
				91949BC81B72EF5800D22058 /* Products */,
			);
			sourceTree = "<group>";
		};
		91949BC81B72EF5800D22058 /* Products */ = {
			isa = PBXGroup;
			children = (
				91949BC71B72EF5800D22058 /* 入门TableView.app */,
				91949BDC1B72EF5900D22058 /* 入门TableViewTests.xctest */,
			);
			name = Products;
			sourceTree = "<group>";
		};
		91949BC91B72EF5800D22058 /* 入门TableView */ = {
			isa = PBXGroup;
			children = (
				91949BCC1B72EF5800D22058 /* AppDelegate.swift */,
				91949BCE1B72EF5800D22058 /* ViewController.swift */,
				91949BEC1B72EFEF00D22058 /* UserModel.swift */,
				91949BEE1B72F0F100D22058 /* UserInfoCell.swift */,
				91949BD01B72EF5900D22058 /* Main.storyboard */,
				91949BD31B72EF5900D22058 /* Images.xcassets */,
				91949BD51B72EF5900D22058 /* LaunchScreen.xib */,
				91949BCA1B72EF5800D22058 /* Supporting Files */,
			);
			path = "入门TableView";
			sourceTree = "<group>";
		};
		91949BCA1B72EF5800D22058 /* Supporting Files */ = {
			isa = PBXGroup;
			children = (
				91949BCB1B72EF5800D22058 /* Info.plist */,
			);
			name = "Supporting Files";
			sourceTree = "<group>";
		};
		91949BDF1B72EF5900D22058 /* 入门TableViewTests */ = {
			isa = PBXGroup;
			children = (
				91949BE21B72EF5900D22058 /* __TableViewTests.swift */,
				91949BE01B72EF5900D22058 /* Supporting Files */,
			);
			path = "入门TableViewTests";
			sourceTree = "<group>";
		};
		91949BE01B72EF5900D22058 /* Supporting Files */ = {
			isa = PBXGroup;
			children = (
				91949BE11B72EF5900D22058 /* Info.plist */,
			);
			name = "Supporting Files";
			sourceTree = "<group>";
		};
/* End PBXGroup section */

/* Begin PBXNativeTarget section */
		91949BC61B72EF5800D22058 /* 入门TableView */ = {
			isa = PBXNativeTarget;
			buildConfigurationList = 91949BE61B72EF5900D22058 /* Build configuration list for PBXNativeTarget "入门TableView" */;
			buildPhases = (
				91949BC31B72EF5800D22058 /* Sources */,
				91949BC41B72EF5800D22058 /* Frameworks */,
				91949BC51B72EF5800D22058 /* Resources */,
			);
			buildRules = (
			);
			dependencies = (
			);
			name = "入门TableView";
			productName = "入门TableView";
			productReference = 91949BC71B72EF5800D22058 /* 入门TableView.app */;
			productType = "com.apple.product-type.application";
		};
		91949BDB1B72EF5900D22058 /* 入门TableViewTests */ = {
			isa = PBXNativeTarget;
			buildConfigurationList = 91949BE91B72EF5900D22058 /* Build configuration list for PBXNativeTarget "入门TableViewTests" */;
			buildPhases = (
				91949BD81B72EF5900D22058 /* Sources */,
				91949BD91B72EF5900D22058 /* Frameworks */,
				91949BDA1B72EF5900D22058 /* Resources */,
			);
			buildRules = (
			);
			dependencies = (
				91949BDE1B72EF5900D22058 /* PBXTargetDependency */,
			);
			name = "入门TableViewTests";
			productName = "入门TableViewTests";
			productReference = 91949BDC1B72EF5900D22058 /* 入门TableViewTests.xctest */;
			productType = "com.apple.product-type.bundle.unit-test";
		};
/* End PBXNativeTarget section */

/* Begin PBXProject section */
		91949BBF1B72EF5800D22058 /* Project object */ = {
			isa = PBXProject;
			attributes = {
				LastSwiftMigration = 0720;
				LastSwiftUpdateCheck = 0720;
				LastUpgradeCheck = 0640;
				ORGANIZATIONNAME = celink;
				TargetAttributes = {
					91949BC61B72EF5800D22058 = {
						CreatedOnToolsVersion = 6.4;
						DevelopmentTeam = KKHXU36BGT;
						LastSwiftMigration = 0800;
					};
					91949BDB1B72EF5900D22058 = {
						CreatedOnToolsVersion = 6.4;
						LastSwiftMigration = 0800;
						TestTargetID = 91949BC61B72EF5800D22058;
					};
				};
			};
			buildConfigurationList = 91949BC21B72EF5800D22058 /* Build configuration list for PBXProject "入门TableView" */;
			compatibilityVersion = "Xcode 3.2";
			developmentRegion = English;
			hasScannedForEncodings = 0;
			knownRegions = (
				en,
				Base,
			);
			mainGroup = 91949BBE1B72EF5800D22058;
			productRefGroup = 91949BC81B72EF5800D22058 /* Products */;
			projectDirPath = "";
			projectRoot = "";
			targets = (
				91949BC61B72EF5800D22058 /* 入门TableView */,
				91949BDB1B72EF5900D22058 /* 入门TableViewTests */,
			);
		};
/* End PBXProject section */

/* Begin PBXResourcesBuildPhase section */
		91949BC51B72EF5800D22058 /* Resources */ = {
			isa = PBXResourcesBuildPhase;
			buildActionMask = 2147483647;
			files = (
				91949BD21B72EF5900D22058 /* Main.storyboard in Resources */,
				91949BD71B72EF5900D22058 /* LaunchScreen.xib in Resources */,
				91949BD41B72EF5900D22058 /* Images.xcassets in Resources */,
			);
			runOnlyForDeploymentPostprocessing = 0;
		};
		91949BDA1B72EF5900D22058 /* Resources */ = {
			isa = PBXResourcesBuildPhase;
			buildActionMask = 2147483647;
			files = (
			);
			runOnlyForDeploymentPostprocessing = 0;
		};
/* End PBXResourcesBuildPhase section */

/* Begin PBXSourcesBuildPhase section */
		91949BC31B72EF5800D22058 /* Sources */ = {
			isa = PBXSourcesBuildPhase;
			buildActionMask = 2147483647;
			files = (
				91949BEF1B72F0F100D22058 /* UserInfoCell.swift in Sources */,
				91949BCF1B72EF5800D22058 /* ViewController.swift in Sources */,
				91949BED1B72EFEF00D22058 /* UserModel.swift in Sources */,
				91949BCD1B72EF5800D22058 /* AppDelegate.swift in Sources */,
			);
			runOnlyForDeploymentPostprocessing = 0;
		};
		91949BD81B72EF5900D22058 /* Sources */ = {
			isa = PBXSourcesBuildPhase;
			buildActionMask = 2147483647;
			files = (
				91949BE31B72EF5900D22058 /* __TableViewTests.swift in Sources */,
			);
			runOnlyForDeploymentPostprocessing = 0;
		};
/* End PBXSourcesBuildPhase section */

/* Begin PBXTargetDependency section */
		91949BDE1B72EF5900D22058 /* PBXTargetDependency */ = {
			isa = PBXTargetDependency;
			target = 91949BC61B72EF5800D22058 /* 入门TableView */;
			targetProxy = 91949BDD1B72EF5900D22058 /* PBXContainerItemProxy */;
		};
/* End PBXTargetDependency section */

/* Begin PBXVariantGroup section */
		91949BD01B72EF5900D22058 /* Main.storyboard */ = {
			isa = PBXVariantGroup;
			children = (
				91949BD11B72EF5900D22058 /* Base */,
			);
			name = Main.storyboard;
			sourceTree = "<group>";
		};
		91949BD51B72EF5900D22058 /* LaunchScreen.xib */ = {
			isa = PBXVariantGroup;
			children = (
				91949BD61B72EF5900D22058 /* Base */,
			);
			name = LaunchScreen.xib;
			sourceTree = "<group>";
		};
/* End PBXVariantGroup section */

/* Begin XCBuildConfiguration section */
		91949BE41B72EF5900D22058 /* Debug */ = {
			isa = XCBuildConfiguration;
			buildSettings = {
				ALWAYS_SEARCH_USER_PATHS = NO;
				CLANG_CXX_LANGUAGE_STANDARD = "gnu++0x";
				CLANG_CXX_LIBRARY = "libc++";
				CLANG_ENABLE_MODULES = YES;
				CLANG_ENABLE_OBJC_ARC = YES;
				CLANG_WARN_BOOL_CONVERSION = YES;
				CLANG_WARN_CONSTANT_CONVERSION = YES;
				CLANG_WARN_DIRECT_OBJC_ISA_USAGE = YES_ERROR;
				CLANG_WARN_EMPTY_BODY = YES;
				CLANG_WARN_ENUM_CONVERSION = YES;
				CLANG_WARN_INT_CONVERSION = YES;
				CLANG_WARN_OBJC_ROOT_CLASS = YES_ERROR;
				CLANG_WARN_UNREACHABLE_CODE = YES;
				CLANG_WARN__DUPLICATE_METHOD_MATCH = YES;
				"CODE_SIGN_IDENTITY[sdk=iphoneos*]" = "iPhone Developer";
				COPY_PHASE_STRIP = NO;
				DEBUG_INFORMATION_FORMAT = "dwarf-with-dsym";
				ENABLE_STRICT_OBJC_MSGSEND = YES;
				GCC_C_LANGUAGE_STANDARD = gnu99;
				GCC_DYNAMIC_NO_PIC = NO;
				GCC_NO_COMMON_BLOCKS = YES;
				GCC_OPTIMIZATION_LEVEL = 0;
				GCC_PREPROCESSOR_DEFINITIONS = (
					"DEBUG=1",
					"$(inherited)",
				);
				GCC_SYMBOLS_PRIVATE_EXTERN = NO;
				GCC_WARN_64_TO_32_BIT_CONVERSION = YES;
				GCC_WARN_ABOUT_RETURN_TYPE = YES_ERROR;
				GCC_WARN_UNDECLARED_SELECTOR = YES;
				GCC_WARN_UNINITIALIZED_AUTOS = YES_AGGRESSIVE;
				GCC_WARN_UNUSED_FUNCTION = YES;
				GCC_WARN_UNUSED_VARIABLE = YES;
				IPHONEOS_DEPLOYMENT_TARGET = 8.4;
				MTL_ENABLE_DEBUG_INFO = YES;
				ONLY_ACTIVE_ARCH = YES;
				SDKROOT = iphoneos;
				SWIFT_OPTIMIZATION_LEVEL = "-Onone";
			};
			name = Debug;
		};
		91949BE51B72EF5900D22058 /* Release */ = {
			isa = XCBuildConfiguration;
			buildSettings = {
				ALWAYS_SEARCH_USER_PATHS = NO;
				CLANG_CXX_LANGUAGE_STANDARD = "gnu++0x";
				CLANG_CXX_LIBRARY = "libc++";
				CLANG_ENABLE_MODULES = YES;
				CLANG_ENABLE_OBJC_ARC = YES;
				CLANG_WARN_BOOL_CONVERSION = YES;
				CLANG_WARN_CONSTANT_CONVERSION = YES;
				CLANG_WARN_DIRECT_OBJC_ISA_USAGE = YES_ERROR;
				CLANG_WARN_EMPTY_BODY = YES;
				CLANG_WARN_ENUM_CONVERSION = YES;
				CLANG_WARN_INT_CONVERSION = YES;
				CLANG_WARN_OBJC_ROOT_CLASS = YES_ERROR;
				CLANG_WARN_UNREACHABLE_CODE = YES;
				CLANG_WARN__DUPLICATE_METHOD_MATCH = YES;
				"CODE_SIGN_IDENTITY[sdk=iphoneos*]" = "iPhone Developer";
				COPY_PHASE_STRIP = NO;
				DEBUG_INFORMATION_FORMAT = "dwarf-with-dsym";
				ENABLE_NS_ASSERTIONS = NO;
				ENABLE_STRICT_OBJC_MSGSEND = YES;
				GCC_C_LANGUAGE_STANDARD = gnu99;
				GCC_NO_COMMON_BLOCKS = YES;
				GCC_WARN_64_TO_32_BIT_CONVERSION = YES;
				GCC_WARN_ABOUT_RETURN_TYPE = YES_ERROR;
				GCC_WARN_UNDECLARED_SELECTOR = YES;
				GCC_WARN_UNINITIALIZED_AUTOS = YES_AGGRESSIVE;
				GCC_WARN_UNUSED_FUNCTION = YES;
				GCC_WARN_UNUSED_VARIABLE = YES;
				IPHONEOS_DEPLOYMENT_TARGET = 8.4;
				MTL_ENABLE_DEBUG_INFO = NO;
				SDKROOT = iphoneos;
				VALIDATE_PRODUCT = YES;
			};
			name = Release;
		};
		91949BE71B72EF5900D22058 /* Debug */ = {
			isa = XCBuildConfiguration;
			buildSettings = {
				ASSETCATALOG_COMPILER_APPICON_NAME = AppIcon;
				DEVELOPMENT_TEAM = KKHXU36BGT;
				INFOPLIST_FILE = "入门TableView/Info.plist";
				LD_RUNPATH_SEARCH_PATHS = "$(inherited) @executable_path/Frameworks";
				PRODUCT_NAME = "$(TARGET_NAME)";
				SWIFT_VERSION = 3.0;
			};
			name = Debug;
		};
		91949BE81B72EF5900D22058 /* Release */ = {
			isa = XCBuildConfiguration;
			buildSettings = {
				ASSETCATALOG_COMPILER_APPICON_NAME = AppIcon;
				DEVELOPMENT_TEAM = KKHXU36BGT;
				INFOPLIST_FILE = "入门TableView/Info.plist";
				LD_RUNPATH_SEARCH_PATHS = "$(inherited) @executable_path/Frameworks";
				PRODUCT_NAME = "$(TARGET_NAME)";
				SWIFT_VERSION = 3.0;
			};
			name = Release;
		};
		91949BEA1B72EF5900D22058 /* Debug */ = {
			isa = XCBuildConfiguration;
			buildSettings = {
				BUNDLE_LOADER = "$(TEST_HOST)";
				FRAMEWORK_SEARCH_PATHS = (
					"$(SDKROOT)/Developer/Library/Frameworks",
					"$(inherited)",
				);
				GCC_PREPROCESSOR_DEFINITIONS = (
					"DEBUG=1",
					"$(inherited)",
				);
				INFOPLIST_FILE = "入门TableViewTests/Info.plist";
				LD_RUNPATH_SEARCH_PATHS = "$(inherited) @executable_path/Frameworks @loader_path/Frameworks";
				PRODUCT_NAME = "$(TARGET_NAME)";
				SWIFT_VERSION = 3.0;
				TEST_HOST = "$(BUILT_PRODUCTS_DIR)/入门TableView.app/入门TableView";
			};
			name = Debug;
		};
		91949BEB1B72EF5900D22058 /* Release */ = {
			isa = XCBuildConfiguration;
			buildSettings = {
				BUNDLE_LOADER = "$(TEST_HOST)";
				FRAMEWORK_SEARCH_PATHS = (
					"$(SDKROOT)/Developer/Library/Frameworks",
					"$(inherited)",
				);
				INFOPLIST_FILE = "入门TableViewTests/Info.plist";
				LD_RUNPATH_SEARCH_PATHS = "$(inherited) @executable_path/Frameworks @loader_path/Frameworks";
				PRODUCT_NAME = "$(TARGET_NAME)";
				SWIFT_VERSION = 3.0;
				TEST_HOST = "$(BUILT_PRODUCTS_DIR)/入门TableView.app/入门TableView";
			};
			name = Release;
		};
/* End XCBuildConfiguration section */

/* Begin XCConfigurationList section */
		91949BC21B72EF5800D22058 /* Build configuration list for PBXProject "入门TableView" */ = {
			isa = XCConfigurationList;
			buildConfigurations = (
				91949BE41B72EF5900D22058 /* Debug */,
				91949BE51B72EF5900D22058 /* Release */,
			);
			defaultConfigurationIsVisible = 0;
			defaultConfigurationName = Release;
		};
		91949BE61B72EF5900D22058 /* Build configuration list for PBXNativeTarget "入门TableView" */ = {
			isa = XCConfigurationList;
			buildConfigurations = (
				91949BE71B72EF5900D22058 /* Debug */,
				91949BE81B72EF5900D22058 /* Release */,
			);
			defaultConfigurationIsVisible = 0;
			defaultConfigurationName = Release;
		};
		91949BE91B72EF5900D22058 /* Build configuration list for PBXNativeTarget "入门TableViewTests" */ = {
			isa = XCConfigurationList;
			buildConfigurations = (
				91949BEA1B72EF5900D22058 /* Debug */,
				91949BEB1B72EF5900D22058 /* Release */,
			);
			defaultConfigurationIsVisible = 0;
			defaultConfigurationName = Release;
		};
/* End XCConfigurationList section */
	};
	rootObject = 91949BBF1B72EF5800D22058 /* Project object */;
}
