// !$*UTF8*$!
{
	archiveVersion = 1;
	classes = {
	};
	objectVersion = 46;
	objects = {

/* Begin PBXBuildFile section */
		2A2370F91CBC8F1D00218C48 /* AppDelegate.swift in Sources */ = {isa = PBXBuildFile; fileRef = 2A2370F81CBC8F1D00218C48 /* AppDelegate.swift */; };
		2A2370FB1CBC8F1D00218C48 /* ViewController.swift in Sources */ = {isa = PBXBuildFile; fileRef = 2A2370FA1CBC8F1D00218C48 /* ViewController.swift */; };
		2A2370FE1CBC8F1D00218C48 /* Main.storyboard in Resources */ = {isa = PBXBuildFile; fileRef = 2A2370FC1CBC8F1D00218C48 /* Main.storyboard */; };
		2A2371001CBC8F1D00218C48 /* Assets.xcassets in Resources */ = {isa = PBXBuildFile; fileRef = 2A2370FF1CBC8F1D00218C48 /* Assets.xcassets */; };
		2A2371031CBC8F1D00218C48 /* LaunchScreen.storyboard in Resources */ = {isa = PBXBuildFile; fileRef = 2A2371011CBC8F1D00218C48 /* LaunchScreen.storyboard */; };
		2A23710E1CBC8F1D00218C48 /* __1_3Tests.swift in Sources */ = {isa = PBXBuildFile; fileRef = 2A23710D1CBC8F1D00218C48 /* __1_3Tests.swift */; };
		2A2371191CBC8F1D00218C48 /* __1_3UITests.swift in Sources */ = {isa = PBXBuildFile; fileRef = 2A2371181CBC8F1D00218C48 /* __1_3UITests.swift */; };
/* End PBXBuildFile section */

/* Begin PBXContainerItemProxy section */
		2A23710A1CBC8F1D00218C48 /* PBXContainerItemProxy */ = {
			isa = PBXContainerItemProxy;
			containerPortal = 2A2370ED1CBC8F1D00218C48 /* Project object */;
			proxyType = 1;
			remoteGlobalIDString = 2A2370F41CBC8F1D00218C48;
			remoteInfo = "入门1.3";
		};
		2A2371151CBC8F1D00218C48 /* PBXContainerItemProxy */ = {
			isa = PBXContainerItemProxy;
			containerPortal = 2A2370ED1CBC8F1D00218C48 /* Project object */;
			proxyType = 1;
			remoteGlobalIDString = 2A2370F41CBC8F1D00218C48;
			remoteInfo = "入门1.3";
		};
/* End PBXContainerItemProxy section */

/* Begin PBXFileReference section */
		2A2370F51CBC8F1D00218C48 /* 入门1.3.app */ = {isa = PBXFileReference; explicitFileType = wrapper.application; includeInIndex = 0; path = "入门1.3.app"; sourceTree = BUILT_PRODUCTS_DIR; };
		2A2370F81CBC8F1D00218C48 /* AppDelegate.swift */ = {isa = PBXFileReference; lastKnownFileType = sourcecode.swift; path = AppDelegate.swift; sourceTree = "<group>"; };
		2A2370FA1CBC8F1D00218C48 /* ViewController.swift */ = {isa = PBXFileReference; lastKnownFileType = sourcecode.swift; path = ViewController.swift; sourceTree = "<group>"; };
		2A2370FD1CBC8F1D00218C48 /* Base */ = {isa = PBXFileReference; lastKnownFileType = file.storyboard; name = Base; path = Base.lproj/Main.storyboard; sourceTree = "<group>"; };
		2A2370FF1CBC8F1D00218C48 /* Assets.xcassets */ = {isa = PBXFileReference; lastKnownFileType = folder.assetcatalog; path = Assets.xcassets; sourceTree = "<group>"; };
		2A2371021CBC8F1D00218C48 /* Base */ = {isa = PBXFileReference; lastKnownFileType = file.storyboard; name = Base; path = Base.lproj/LaunchScreen.storyboard; sourceTree = "<group>"; };
		2A2371041CBC8F1D00218C48 /* Info.plist */ = {isa = PBXFileReference; lastKnownFileType = text.plist.xml; path = Info.plist; sourceTree = "<group>"; };
		2A2371091CBC8F1D00218C48 /* 入门1.3Tests.xctest */ = {isa = PBXFileReference; explicitFileType = wrapper.cfbundle; includeInIndex = 0; path = "入门1.3Tests.xctest"; sourceTree = BUILT_PRODUCTS_DIR; };
		2A23710D1CBC8F1D00218C48 /* __1_3Tests.swift */ = {isa = PBXFileReference; lastKnownFileType = sourcecode.swift; path = __1_3Tests.swift; sourceTree = "<group>"; };
		2A23710F1CBC8F1D00218C48 /* Info.plist */ = {isa = PBXFileReference; lastKnownFileType = text.plist.xml; path = Info.plist; sourceTree = "<group>"; };
		2A2371141CBC8F1D00218C48 /* 入门1.3UITests.xctest */ = {isa = PBXFileReference; explicitFileType = wrapper.cfbundle; includeInIndex = 0; path = "入门1.3UITests.xctest"; sourceTree = BUILT_PRODUCTS_DIR; };
		2A2371181CBC8F1D00218C48 /* __1_3UITests.swift */ = {isa = PBXFileReference; lastKnownFileType = sourcecode.swift; path = __1_3UITests.swift; sourceTree = "<group>"; };
		2A23711A1CBC8F1D00218C48 /* Info.plist */ = {isa = PBXFileReference; lastKnownFileType = text.plist.xml; path = Info.plist; sourceTree = "<group>"; };
/* End PBXFileReference section */

/* Begin PBXFrameworksBuildPhase section */
		2A2370F21CBC8F1D00218C48 /* Frameworks */ = {
			isa = PBXFrameworksBuildPhase;
			buildActionMask = 2147483647;
			files = (
			);
			runOnlyForDeploymentPostprocessing = 0;
		};
		2A2371061CBC8F1D00218C48 /* Frameworks */ = {
			isa = PBXFrameworksBuildPhase;
			buildActionMask = 2147483647;
			files = (
			);
			runOnlyForDeploymentPostprocessing = 0;
		};
		2A2371111CBC8F1D00218C48 /* Frameworks */ = {
			isa = PBXFrameworksBuildPhase;
			buildActionMask = 2147483647;
			files = (
			);
			runOnlyForDeploymentPostprocessing = 0;
		};
/* End PBXFrameworksBuildPhase section */

/* Begin PBXGroup section */
		2A2370EC1CBC8F1D00218C48 = {
			isa = PBXGroup;
			children = (
				2A2370F71CBC8F1D00218C48 /* 入门1.3 */,
				2A23710C1CBC8F1D00218C48 /* 入门1.3Tests */,
				2A2371171CBC8F1D00218C48 /* 入门1.3UITests */,
				2A2370F61CBC8F1D00218C48 /* Products */,
			);
			sourceTree = "<group>";
		};
		2A2370F61CBC8F1D00218C48 /* Products */ = {
			isa = PBXGroup;
			children = (
				2A2370F51CBC8F1D00218C48 /* 入门1.3.app */,
				2A2371091CBC8F1D00218C48 /* 入门1.3Tests.xctest */,
				2A2371141CBC8F1D00218C48 /* 入门1.3UITests.xctest */,
			);
			name = Products;
			sourceTree = "<group>";
		};
		2A2370F71CBC8F1D00218C48 /* 入门1.3 */ = {
			isa = PBXGroup;
			children = (
				2A2370F81CBC8F1D00218C48 /* AppDelegate.swift */,
				2A2370FA1CBC8F1D00218C48 /* ViewController.swift */,
				2A2370FC1CBC8F1D00218C48 /* Main.storyboard */,
				2A2370FF1CBC8F1D00218C48 /* Assets.xcassets */,
				2A2371011CBC8F1D00218C48 /* LaunchScreen.storyboard */,
				2A2371041CBC8F1D00218C48 /* Info.plist */,
			);
			path = "入门1.3";
			sourceTree = "<group>";
		};
		2A23710C1CBC8F1D00218C48 /* 入门1.3Tests */ = {
			isa = PBXGroup;
			children = (
				2A23710D1CBC8F1D00218C48 /* __1_3Tests.swift */,
				2A23710F1CBC8F1D00218C48 /* Info.plist */,
			);
			path = "入门1.3Tests";
			sourceTree = "<group>";
		};
		2A2371171CBC8F1D00218C48 /* 入门1.3UITests */ = {
			isa = PBXGroup;
			children = (
				2A2371181CBC8F1D00218C48 /* __1_3UITests.swift */,
				2A23711A1CBC8F1D00218C48 /* Info.plist */,
			);
			path = "入门1.3UITests";
			sourceTree = "<group>";
		};
/* End PBXGroup section */

/* Begin PBXNativeTarget section */
		2A2370F41CBC8F1D00218C48 /* 入门1.3 */ = {
			isa = PBXNativeTarget;
			buildConfigurationList = 2A23711D1CBC8F1D00218C48 /* Build configuration list for PBXNativeTarget "入门1.3" */;
			buildPhases = (
				2A2370F11CBC8F1D00218C48 /* Sources */,
				2A2370F21CBC8F1D00218C48 /* Frameworks */,
				2A2370F31CBC8F1D00218C48 /* Resources */,
			);
			buildRules = (
			);
			dependencies = (
			);
			name = "入门1.3";
			productName = "入门1.3";
			productReference = 2A2370F51CBC8F1D00218C48 /* 入门1.3.app */;
			productType = "com.apple.product-type.application";
		};
		2A2371081CBC8F1D00218C48 /* 入门1.3Tests */ = {
			isa = PBXNativeTarget;
			buildConfigurationList = 2A2371201CBC8F1D00218C48 /* Build configuration list for PBXNativeTarget "入门1.3Tests" */;
			buildPhases = (
				2A2371051CBC8F1D00218C48 /* Sources */,
				2A2371061CBC8F1D00218C48 /* Frameworks */,
				2A2371071CBC8F1D00218C48 /* Resources */,
			);
			buildRules = (
			);
			dependencies = (
				2A23710B1CBC8F1D00218C48 /* PBXTargetDependency */,
			);
			name = "入门1.3Tests";
			productName = "入门1.3Tests";
			productReference = 2A2371091CBC8F1D00218C48 /* 入门1.3Tests.xctest */;
			productType = "com.apple.product-type.bundle.unit-test";
		};
		2A2371131CBC8F1D00218C48 /* 入门1.3UITests */ = {
			isa = PBXNativeTarget;
			buildConfigurationList = 2A2371231CBC8F1D00218C48 /* Build configuration list for PBXNativeTarget "入门1.3UITests" */;
			buildPhases = (
				2A2371101CBC8F1D00218C48 /* Sources */,
				2A2371111CBC8F1D00218C48 /* Frameworks */,
				2A2371121CBC8F1D00218C48 /* Resources */,
			);
			buildRules = (
			);
			dependencies = (
				2A2371161CBC8F1D00218C48 /* PBXTargetDependency */,
			);
			name = "入门1.3UITests";
			productName = "入门1.3UITests";
			productReference = 2A2371141CBC8F1D00218C48 /* 入门1.3UITests.xctest */;
			productType = "com.apple.product-type.bundle.ui-testing";
		};
/* End PBXNativeTarget section */

/* Begin PBXProject section */
		2A2370ED1CBC8F1D00218C48 /* Project object */ = {
			isa = PBXProject;
			attributes = {
				LastSwiftUpdateCheck = 0730;
				LastUpgradeCheck = 0730;
				ORGANIZATIONNAME = LiJie;
				TargetAttributes = {
					2A2370F41CBC8F1D00218C48 = {
						CreatedOnToolsVersion = 7.3;
						DevelopmentTeam = KKHXU36BGT;
						LastSwiftMigration = 0800;
					};
					2A2371081CBC8F1D00218C48 = {
						CreatedOnToolsVersion = 7.3;
						LastSwiftMigration = 0800;
						TestTargetID = 2A2370F41CBC8F1D00218C48;
					};
					2A2371131CBC8F1D00218C48 = {
						CreatedOnToolsVersion = 7.3;
						LastSwiftMigration = 0800;
						TestTargetID = 2A2370F41CBC8F1D00218C48;
					};
				};
			};
			buildConfigurationList = 2A2370F01CBC8F1D00218C48 /* Build configuration list for PBXProject "入门1.3" */;
			compatibilityVersion = "Xcode 3.2";
			developmentRegion = English;
			hasScannedForEncodings = 0;
			knownRegions = (
				en,
				Base,
			);
			mainGroup = 2A2370EC1CBC8F1D00218C48;
			productRefGroup = 2A2370F61CBC8F1D00218C48 /* Products */;
			projectDirPath = "";
			projectRoot = "";
			targets = (
				2A2370F41CBC8F1D00218C48 /* 入门1.3 */,
				2A2371081CBC8F1D00218C48 /* 入门1.3Tests */,
				2A2371131CBC8F1D00218C48 /* 入门1.3UITests */,
			);
		};
/* End PBXProject section */

/* Begin PBXResourcesBuildPhase section */
		2A2370F31CBC8F1D00218C48 /* Resources */ = {
			isa = PBXResourcesBuildPhase;
			buildActionMask = 2147483647;
			files = (
				2A2371031CBC8F1D00218C48 /* LaunchScreen.storyboard in Resources */,
				2A2371001CBC8F1D00218C48 /* Assets.xcassets in Resources */,
				2A2370FE1CBC8F1D00218C48 /* Main.storyboard in Resources */,
			);
			runOnlyForDeploymentPostprocessing = 0;
		};
		2A2371071CBC8F1D00218C48 /* Resources */ = {
			isa = PBXResourcesBuildPhase;
			buildActionMask = 2147483647;
			files = (
			);
			runOnlyForDeploymentPostprocessing = 0;
		};
		2A2371121CBC8F1D00218C48 /* Resources */ = {
			isa = PBXResourcesBuildPhase;
			buildActionMask = 2147483647;
			files = (
			);
			runOnlyForDeploymentPostprocessing = 0;
		};
/* End PBXResourcesBuildPhase section */

/* Begin PBXSourcesBuildPhase section */
		2A2370F11CBC8F1D00218C48 /* Sources */ = {
			isa = PBXSourcesBuildPhase;
			buildActionMask = 2147483647;
			files = (
				2A2370FB1CBC8F1D00218C48 /* ViewController.swift in Sources */,
				2A2370F91CBC8F1D00218C48 /* AppDelegate.swift in Sources */,
			);
			runOnlyForDeploymentPostprocessing = 0;
		};
		2A2371051CBC8F1D00218C48 /* Sources */ = {
			isa = PBXSourcesBuildPhase;
			buildActionMask = 2147483647;
			files = (
				2A23710E1CBC8F1D00218C48 /* __1_3Tests.swift in Sources */,
			);
			runOnlyForDeploymentPostprocessing = 0;
		};
		2A2371101CBC8F1D00218C48 /* Sources */ = {
			isa = PBXSourcesBuildPhase;
			buildActionMask = 2147483647;
			files = (
				2A2371191CBC8F1D00218C48 /* __1_3UITests.swift in Sources */,
			);
			runOnlyForDeploymentPostprocessing = 0;
		};
/* End PBXSourcesBuildPhase section */

/* Begin PBXTargetDependency section */
		2A23710B1CBC8F1D00218C48 /* PBXTargetDependency */ = {
			isa = PBXTargetDependency;
			target = 2A2370F41CBC8F1D00218C48 /* 入门1.3 */;
			targetProxy = 2A23710A1CBC8F1D00218C48 /* PBXContainerItemProxy */;
		};
		2A2371161CBC8F1D00218C48 /* PBXTargetDependency */ = {
			isa = PBXTargetDependency;
			target = 2A2370F41CBC8F1D00218C48 /* 入门1.3 */;
			targetProxy = 2A2371151CBC8F1D00218C48 /* PBXContainerItemProxy */;
		};
/* End PBXTargetDependency section */

/* Begin PBXVariantGroup section */
		2A2370FC1CBC8F1D00218C48 /* Main.storyboard */ = {
			isa = PBXVariantGroup;
			children = (
				2A2370FD1CBC8F1D00218C48 /* Base */,
			);
			name = Main.storyboard;
			sourceTree = "<group>";
		};
		2A2371011CBC8F1D00218C48 /* LaunchScreen.storyboard */ = {
			isa = PBXVariantGroup;
			children = (
				2A2371021CBC8F1D00218C48 /* Base */,
			);
			name = LaunchScreen.storyboard;
			sourceTree = "<group>";
		};
/* End PBXVariantGroup section */

/* Begin XCBuildConfiguration section */
		2A23711B1CBC8F1D00218C48 /* Debug */ = {
			isa = XCBuildConfiguration;
			buildSettings = {
				ALWAYS_SEARCH_USER_PATHS = NO;
				CLANG_ANALYZER_NONNULL = YES;
				CLANG_CXX_LANGUAGE_STANDARD = "gnu++0x";
				CLANG_CXX_LIBRARY = "libc++";
				CLANG_ENABLE_MODULES = YES;
				CLANG_ENABLE_OBJC_ARC = YES;
				CLANG_WARN_BOOL_CONVERSION = YES;
				CLANG_WARN_CONSTANT_CONVERSION = YES;
				CLANG_WARN_DIRECT_OBJC_ISA_USAGE = YES_ERROR;
				CLANG_WARN_EMPTY_BODY = YES;
				CLANG_WARN_ENUM_CONVERSION = YES;
				CLANG_WARN_INT_CONVERSION = YES;
				CLANG_WARN_OBJC_ROOT_CLASS = YES_ERROR;
				CLANG_WARN_UNREACHABLE_CODE = YES;
				CLANG_WARN__DUPLICATE_METHOD_MATCH = YES;
				"CODE_SIGN_IDENTITY[sdk=iphoneos*]" = "iPhone Developer";
				COPY_PHASE_STRIP = NO;
				DEBUG_INFORMATION_FORMAT = dwarf;
				ENABLE_STRICT_OBJC_MSGSEND = YES;
				ENABLE_TESTABILITY = YES;
				GCC_C_LANGUAGE_STANDARD = gnu99;
				GCC_DYNAMIC_NO_PIC = NO;
				GCC_NO_COMMON_BLOCKS = YES;
				GCC_OPTIMIZATION_LEVEL = 0;
				GCC_PREPROCESSOR_DEFINITIONS = (
					"DEBUG=1",
					"$(inherited)",
				);
				GCC_WARN_64_TO_32_BIT_CONVERSION = YES;
				GCC_WARN_ABOUT_RETURN_TYPE = YES_ERROR;
				GCC_WARN_UNDECLARED_SELECTOR = YES;
				GCC_WARN_UNINITIALIZED_AUTOS = YES_AGGRESSIVE;
				GCC_WARN_UNUSED_FUNCTION = YES;
				GCC_WARN_UNUSED_VARIABLE = YES;
				IPHONEOS_DEPLOYMENT_TARGET = 9.3;
				MTL_ENABLE_DEBUG_INFO = YES;
				ONLY_ACTIVE_ARCH = YES;
				SDKROOT = iphoneos;
				SWIFT_OPTIMIZATION_LEVEL = "-Onone";
			};
			name = Debug;
		};
		2A23711C1CBC8F1D00218C48 /* Release */ = {
			isa = XCBuildConfiguration;
			buildSettings = {
				ALWAYS_SEARCH_USER_PATHS = NO;
				CLANG_ANALYZER_NONNULL = YES;
				CLANG_CXX_LANGUAGE_STANDARD = "gnu++0x";
				CLANG_CXX_LIBRARY = "libc++";
				CLANG_ENABLE_MODULES = YES;
				CLANG_ENABLE_OBJC_ARC = YES;
				CLANG_WARN_BOOL_CONVERSION = YES;
				CLANG_WARN_CONSTANT_CONVERSION = YES;
				CLANG_WARN_DIRECT_OBJC_ISA_USAGE = YES_ERROR;
				CLANG_WARN_EMPTY_BODY = YES;
				CLANG_WARN_ENUM_CONVERSION = YES;
				CLANG_WARN_INT_CONVERSION = YES;
				CLANG_WARN_OBJC_ROOT_CLASS = YES_ERROR;
				CLANG_WARN_UNREACHABLE_CODE = YES;
				CLANG_WARN__DUPLICATE_METHOD_MATCH = YES;
				"CODE_SIGN_IDENTITY[sdk=iphoneos*]" = "iPhone Developer";
				COPY_PHASE_STRIP = NO;
				DEBUG_INFORMATION_FORMAT = "dwarf-with-dsym";
				ENABLE_NS_ASSERTIONS = NO;
				ENABLE_STRICT_OBJC_MSGSEND = YES;
				GCC_C_LANGUAGE_STANDARD = gnu99;
				GCC_NO_COMMON_BLOCKS = YES;
				GCC_WARN_64_TO_32_BIT_CONVERSION = YES;
				GCC_WARN_ABOUT_RETURN_TYPE = YES_ERROR;
				GCC_WARN_UNDECLARED_SELECTOR = YES;
				GCC_WARN_UNINITIALIZED_AUTOS = YES_AGGRESSIVE;
				GCC_WARN_UNUSED_FUNCTION = YES;
				GCC_WARN_UNUSED_VARIABLE = YES;
				IPHONEOS_DEPLOYMENT_TARGET = 9.3;
				MTL_ENABLE_DEBUG_INFO = NO;
				SDKROOT = iphoneos;
				VALIDATE_PRODUCT = YES;
			};
			name = Release;
		};
		2A23711E1CBC8F1D00218C48 /* Debug */ = {
			isa = XCBuildConfiguration;
			buildSettings = {
				ASSETCATALOG_COMPILER_APPICON_NAME = AppIcon;
				DEVELOPMENT_TEAM = KKHXU36BGT;
				INFOPLIST_FILE = "入门1.3/Info.plist";
				LD_RUNPATH_SEARCH_PATHS = "$(inherited) @executable_path/Frameworks";
				PRODUCT_BUNDLE_IDENTIFIER = "LJ.--1-3";
				PRODUCT_NAME = "$(TARGET_NAME)";
				SWIFT_VERSION = 3.0;
			};
			name = Debug;
		};
		2A23711F1CBC8F1D00218C48 /* Release */ = {
			isa = XCBuildConfiguration;
			buildSettings = {
				ASSETCATALOG_COMPILER_APPICON_NAME = AppIcon;
				DEVELOPMENT_TEAM = KKHXU36BGT;
				INFOPLIST_FILE = "入门1.3/Info.plist";
				LD_RUNPATH_SEARCH_PATHS = "$(inherited) @executable_path/Frameworks";
				PRODUCT_BUNDLE_IDENTIFIER = "LJ.--1-3";
				PRODUCT_NAME = "$(TARGET_NAME)";
				SWIFT_VERSION = 3.0;
			};
			name = Release;
		};
		2A2371211CBC8F1D00218C48 /* Debug */ = {
			isa = XCBuildConfiguration;
			buildSettings = {
				BUNDLE_LOADER = "$(TEST_HOST)";
				INFOPLIST_FILE = "入门1.3Tests/Info.plist";
				LD_RUNPATH_SEARCH_PATHS = "$(inherited) @executable_path/Frameworks @loader_path/Frameworks";
				PRODUCT_BUNDLE_IDENTIFIER = "LJ.--1-3Tests";
				PRODUCT_NAME = "$(TARGET_NAME)";
				SWIFT_VERSION = 3.0;
				TEST_HOST = "$(BUILT_PRODUCTS_DIR)/入门1.3.app/入门1.3";
			};
			name = Debug;
		};
		2A2371221CBC8F1D00218C48 /* Release */ = {
			isa = XCBuildConfiguration;
			buildSettings = {
				BUNDLE_LOADER = "$(TEST_HOST)";
				INFOPLIST_FILE = "入门1.3Tests/Info.plist";
				LD_RUNPATH_SEARCH_PATHS = "$(inherited) @executable_path/Frameworks @loader_path/Frameworks";
				PRODUCT_BUNDLE_IDENTIFIER = "LJ.--1-3Tests";
				PRODUCT_NAME = "$(TARGET_NAME)";
				SWIFT_VERSION = 3.0;
				TEST_HOST = "$(BUILT_PRODUCTS_DIR)/入门1.3.app/入门1.3";
			};
			name = Release;
		};
		2A2371241CBC8F1D00218C48 /* Debug */ = {
			isa = XCBuildConfiguration;
			buildSettings = {
				INFOPLIST_FILE = "入门1.3UITests/Info.plist";
				LD_RUNPATH_SEARCH_PATHS = "$(inherited) @executable_path/Frameworks @loader_path/Frameworks";
				PRODUCT_BUNDLE_IDENTIFIER = "LJ.--1-3UITests";
				PRODUCT_NAME = "$(TARGET_NAME)";
				SWIFT_VERSION = 3.0;
				TEST_TARGET_NAME = "入门1.3";
			};
			name = Debug;
		};
		2A2371251CBC8F1D00218C48 /* Release */ = {
			isa = XCBuildConfiguration;
			buildSettings = {
				INFOPLIST_FILE = "入门1.3UITests/Info.plist";
				LD_RUNPATH_SEARCH_PATHS = "$(inherited) @executable_path/Frameworks @loader_path/Frameworks";
				PRODUCT_BUNDLE_IDENTIFIER = "LJ.--1-3UITests";
				PRODUCT_NAME = "$(TARGET_NAME)";
				SWIFT_VERSION = 3.0;
				TEST_TARGET_NAME = "入门1.3";
			};
			name = Release;
		};
/* End XCBuildConfiguration section */

/* Begin XCConfigurationList section */
		2A2370F01CBC8F1D00218C48 /* Build configuration list for PBXProject "入门1.3" */ = {
			isa = XCConfigurationList;
			buildConfigurations = (
				2A23711B1CBC8F1D00218C48 /* Debug */,
				2A23711C1CBC8F1D00218C48 /* Release */,
			);
			defaultConfigurationIsVisible = 0;
			defaultConfigurationName = Release;
		};
		2A23711D1CBC8F1D00218C48 /* Build configuration list for PBXNativeTarget "入门1.3" */ = {
			isa = XCConfigurationList;
			buildConfigurations = (
				2A23711E1CBC8F1D00218C48 /* Debug */,
				2A23711F1CBC8F1D00218C48 /* Release */,
			);
			defaultConfigurationIsVisible = 0;
			defaultConfigurationName = Release;
		};
		2A2371201CBC8F1D00218C48 /* Build configuration list for PBXNativeTarget "入门1.3Tests" */ = {
			isa = XCConfigurationList;
			buildConfigurations = (
				2A2371211CBC8F1D00218C48 /* Debug */,
				2A2371221CBC8F1D00218C48 /* Release */,
			);
			defaultConfigurationIsVisible = 0;
			defaultConfigurationName = Release;
		};
		2A2371231CBC8F1D00218C48 /* Build configuration list for PBXNativeTarget "入门1.3UITests" */ = {
			isa = XCConfigurationList;
			buildConfigurations = (
				2A2371241CBC8F1D00218C48 /* Debug */,
				2A2371251CBC8F1D00218C48 /* Release */,
			);
			defaultConfigurationIsVisible = 0;
			defaultConfigurationName = Release;
		};
/* End XCConfigurationList section */
	};
	rootObject = 2A2370ED1CBC8F1D00218C48 /* Project object */;
}
