// !$*UTF8*$!
{
	archiveVersion = 1;
	classes = {
	};
	objectVersion = 46;
	objects = {

/* Begin PBXBuildFile section */
		2A65A7F21CC0C8060099BC9A /* AppDelegate.swift in Sources */ = {isa = PBXBuildFile; fileRef = 2A65A7F11CC0C8060099BC9A /* AppDelegate.swift */; };
		2A65A7F41CC0C8060099BC9A /* ViewController.swift in Sources */ = {isa = PBXBuildFile; fileRef = 2A65A7F31CC0C8060099BC9A /* ViewController.swift */; };
		2A65A7F71CC0C8060099BC9A /* Main.storyboard in Resources */ = {isa = PBXBuildFile; fileRef = 2A65A7F51CC0C8060099BC9A /* Main.storyboard */; };
		2A65A7F91CC0C8060099BC9A /* Assets.xcassets in Resources */ = {isa = PBXBuildFile; fileRef = 2A65A7F81CC0C8060099BC9A /* Assets.xcassets */; };
		2A65A7FC1CC0C8060099BC9A /* LaunchScreen.storyboard in Resources */ = {isa = PBXBuildFile; fileRef = 2A65A7FA1CC0C8060099BC9A /* LaunchScreen.storyboard */; };
		2A65A8071CC0C8060099BC9A /* __4_0_____Tests.swift in Sources */ = {isa = PBXBuildFile; fileRef = 2A65A8061CC0C8060099BC9A /* __4_0_____Tests.swift */; };
		2A65A8121CC0C8070099BC9A /* __4_0_____UITests.swift in Sources */ = {isa = PBXBuildFile; fileRef = 2A65A8111CC0C8070099BC9A /* __4_0_____UITests.swift */; };
/* End PBXBuildFile section */

/* Begin PBXContainerItemProxy section */
		2A65A8031CC0C8060099BC9A /* PBXContainerItemProxy */ = {
			isa = PBXContainerItemProxy;
			containerPortal = 2A65A7E61CC0C8060099BC9A /* Project object */;
			proxyType = 1;
			remoteGlobalIDString = 2A65A7ED1CC0C8060099BC9A;
			remoteInfo = "入门4.0-引用计数";
		};
		2A65A80E1CC0C8070099BC9A /* PBXContainerItemProxy */ = {
			isa = PBXContainerItemProxy;
			containerPortal = 2A65A7E61CC0C8060099BC9A /* Project object */;
			proxyType = 1;
			remoteGlobalIDString = 2A65A7ED1CC0C8060099BC9A;
			remoteInfo = "入门4.0-引用计数";
		};
/* End PBXContainerItemProxy section */

/* Begin PBXFileReference section */
		2A65A7EE1CC0C8060099BC9A /* 入门4.0-引用计数.app */ = {isa = PBXFileReference; explicitFileType = wrapper.application; includeInIndex = 0; path = "入门4.0-引用计数.app"; sourceTree = BUILT_PRODUCTS_DIR; };
		2A65A7F11CC0C8060099BC9A /* AppDelegate.swift */ = {isa = PBXFileReference; lastKnownFileType = sourcecode.swift; path = AppDelegate.swift; sourceTree = "<group>"; };
		2A65A7F31CC0C8060099BC9A /* ViewController.swift */ = {isa = PBXFileReference; lastKnownFileType = sourcecode.swift; path = ViewController.swift; sourceTree = "<group>"; };
		2A65A7F61CC0C8060099BC9A /* Base */ = {isa = PBXFileReference; lastKnownFileType = file.storyboard; name = Base; path = Base.lproj/Main.storyboard; sourceTree = "<group>"; };
		2A65A7F81CC0C8060099BC9A /* Assets.xcassets */ = {isa = PBXFileReference; lastKnownFileType = folder.assetcatalog; path = Assets.xcassets; sourceTree = "<group>"; };
		2A65A7FB1CC0C8060099BC9A /* Base */ = {isa = PBXFileReference; lastKnownFileType = file.storyboard; name = Base; path = Base.lproj/LaunchScreen.storyboard; sourceTree = "<group>"; };
		2A65A7FD1CC0C8060099BC9A /* Info.plist */ = {isa = PBXFileReference; lastKnownFileType = text.plist.xml; path = Info.plist; sourceTree = "<group>"; };
		2A65A8021CC0C8060099BC9A /* 入门4.0-引用计数Tests.xctest */ = {isa = PBXFileReference; explicitFileType = wrapper.cfbundle; includeInIndex = 0; path = "入门4.0-引用计数Tests.xctest"; sourceTree = BUILT_PRODUCTS_DIR; };
		2A65A8061CC0C8060099BC9A /* __4_0_____Tests.swift */ = {isa = PBXFileReference; lastKnownFileType = sourcecode.swift; path = "__4_0_____Tests.swift"; sourceTree = "<group>"; };
		2A65A8081CC0C8060099BC9A /* Info.plist */ = {isa = PBXFileReference; lastKnownFileType = text.plist.xml; path = Info.plist; sourceTree = "<group>"; };
		2A65A80D1CC0C8070099BC9A /* 入门4.0-引用计数UITests.xctest */ = {isa = PBXFileReference; explicitFileType = wrapper.cfbundle; includeInIndex = 0; path = "入门4.0-引用计数UITests.xctest"; sourceTree = BUILT_PRODUCTS_DIR; };
		2A65A8111CC0C8070099BC9A /* __4_0_____UITests.swift */ = {isa = PBXFileReference; lastKnownFileType = sourcecode.swift; path = "__4_0_____UITests.swift"; sourceTree = "<group>"; };
		2A65A8131CC0C8070099BC9A /* Info.plist */ = {isa = PBXFileReference; lastKnownFileType = text.plist.xml; path = Info.plist; sourceTree = "<group>"; };
/* End PBXFileReference section */

/* Begin PBXFrameworksBuildPhase section */
		2A65A7EB1CC0C8060099BC9A /* Frameworks */ = {
			isa = PBXFrameworksBuildPhase;
			buildActionMask = 2147483647;
			files = (
			);
			runOnlyForDeploymentPostprocessing = 0;
		};
		2A65A7FF1CC0C8060099BC9A /* Frameworks */ = {
			isa = PBXFrameworksBuildPhase;
			buildActionMask = 2147483647;
			files = (
			);
			runOnlyForDeploymentPostprocessing = 0;
		};
		2A65A80A1CC0C8070099BC9A /* Frameworks */ = {
			isa = PBXFrameworksBuildPhase;
			buildActionMask = 2147483647;
			files = (
			);
			runOnlyForDeploymentPostprocessing = 0;
		};
/* End PBXFrameworksBuildPhase section */

/* Begin PBXGroup section */
		2A65A7E51CC0C8060099BC9A = {
			isa = PBXGroup;
			children = (
				2A65A7F01CC0C8060099BC9A /* 入门4.0-引用计数 */,
				2A65A8051CC0C8060099BC9A /* 入门4.0-引用计数Tests */,
				2A65A8101CC0C8070099BC9A /* 入门4.0-引用计数UITests */,
				2A65A7EF1CC0C8060099BC9A /* Products */,
			);
			sourceTree = "<group>";
		};
		2A65A7EF1CC0C8060099BC9A /* Products */ = {
			isa = PBXGroup;
			children = (
				2A65A7EE1CC0C8060099BC9A /* 入门4.0-引用计数.app */,
				2A65A8021CC0C8060099BC9A /* 入门4.0-引用计数Tests.xctest */,
				2A65A80D1CC0C8070099BC9A /* 入门4.0-引用计数UITests.xctest */,
			);
			name = Products;
			sourceTree = "<group>";
		};
		2A65A7F01CC0C8060099BC9A /* 入门4.0-引用计数 */ = {
			isa = PBXGroup;
			children = (
				2A65A7F11CC0C8060099BC9A /* AppDelegate.swift */,
				2A65A7F31CC0C8060099BC9A /* ViewController.swift */,
				2A65A7F51CC0C8060099BC9A /* Main.storyboard */,
				2A65A7F81CC0C8060099BC9A /* Assets.xcassets */,
				2A65A7FA1CC0C8060099BC9A /* LaunchScreen.storyboard */,
				2A65A7FD1CC0C8060099BC9A /* Info.plist */,
			);
			path = "入门4.0-引用计数";
			sourceTree = "<group>";
		};
		2A65A8051CC0C8060099BC9A /* 入门4.0-引用计数Tests */ = {
			isa = PBXGroup;
			children = (
				2A65A8061CC0C8060099BC9A /* __4_0_____Tests.swift */,
				2A65A8081CC0C8060099BC9A /* Info.plist */,
			);
			path = "入门4.0-引用计数Tests";
			sourceTree = "<group>";
		};
		2A65A8101CC0C8070099BC9A /* 入门4.0-引用计数UITests */ = {
			isa = PBXGroup;
			children = (
				2A65A8111CC0C8070099BC9A /* __4_0_____UITests.swift */,
				2A65A8131CC0C8070099BC9A /* Info.plist */,
			);
			path = "入门4.0-引用计数UITests";
			sourceTree = "<group>";
		};
/* End PBXGroup section */

/* Begin PBXNativeTarget section */
		2A65A7ED1CC0C8060099BC9A /* 入门4.0-引用计数 */ = {
			isa = PBXNativeTarget;
			buildConfigurationList = 2A65A8161CC0C8070099BC9A /* Build configuration list for PBXNativeTarget "入门4.0-引用计数" */;
			buildPhases = (
				2A65A7EA1CC0C8060099BC9A /* Sources */,
				2A65A7EB1CC0C8060099BC9A /* Frameworks */,
				2A65A7EC1CC0C8060099BC9A /* Resources */,
			);
			buildRules = (
			);
			dependencies = (
			);
			name = "入门4.0-引用计数";
			productName = "入门4.0-引用计数";
			productReference = 2A65A7EE1CC0C8060099BC9A /* 入门4.0-引用计数.app */;
			productType = "com.apple.product-type.application";
		};
		2A65A8011CC0C8060099BC9A /* 入门4.0-引用计数Tests */ = {
			isa = PBXNativeTarget;
			buildConfigurationList = 2A65A8191CC0C8070099BC9A /* Build configuration list for PBXNativeTarget "入门4.0-引用计数Tests" */;
			buildPhases = (
				2A65A7FE1CC0C8060099BC9A /* Sources */,
				2A65A7FF1CC0C8060099BC9A /* Frameworks */,
				2A65A8001CC0C8060099BC9A /* Resources */,
			);
			buildRules = (
			);
			dependencies = (
				2A65A8041CC0C8060099BC9A /* PBXTargetDependency */,
			);
			name = "入门4.0-引用计数Tests";
			productName = "入门4.0-引用计数Tests";
			productReference = 2A65A8021CC0C8060099BC9A /* 入门4.0-引用计数Tests.xctest */;
			productType = "com.apple.product-type.bundle.unit-test";
		};
		2A65A80C1CC0C8070099BC9A /* 入门4.0-引用计数UITests */ = {
			isa = PBXNativeTarget;
			buildConfigurationList = 2A65A81C1CC0C8070099BC9A /* Build configuration list for PBXNativeTarget "入门4.0-引用计数UITests" */;
			buildPhases = (
				2A65A8091CC0C8070099BC9A /* Sources */,
				2A65A80A1CC0C8070099BC9A /* Frameworks */,
				2A65A80B1CC0C8070099BC9A /* Resources */,
			);
			buildRules = (
			);
			dependencies = (
				2A65A80F1CC0C8070099BC9A /* PBXTargetDependency */,
			);
			name = "入门4.0-引用计数UITests";
			productName = "入门4.0-引用计数UITests";
			productReference = 2A65A80D1CC0C8070099BC9A /* 入门4.0-引用计数UITests.xctest */;
			productType = "com.apple.product-type.bundle.ui-testing";
		};
/* End PBXNativeTarget section */

/* Begin PBXProject section */
		2A65A7E61CC0C8060099BC9A /* Project object */ = {
			isa = PBXProject;
			attributes = {
				LastSwiftUpdateCheck = 0730;
				LastUpgradeCheck = 0730;
				ORGANIZATIONNAME = LiJie;
				TargetAttributes = {
					2A65A7ED1CC0C8060099BC9A = {
						CreatedOnToolsVersion = 7.3;
						DevelopmentTeam = KKHXU36BGT;
						LastSwiftMigration = 0800;
					};
					2A65A8011CC0C8060099BC9A = {
						CreatedOnToolsVersion = 7.3;
						LastSwiftMigration = 0800;
						TestTargetID = 2A65A7ED1CC0C8060099BC9A;
					};
					2A65A80C1CC0C8070099BC9A = {
						CreatedOnToolsVersion = 7.3;
						LastSwiftMigration = 0800;
						TestTargetID = 2A65A7ED1CC0C8060099BC9A;
					};
				};
			};
			buildConfigurationList = 2A65A7E91CC0C8060099BC9A /* Build configuration list for PBXProject "入门4.0-引用计数" */;
			compatibilityVersion = "Xcode 3.2";
			developmentRegion = English;
			hasScannedForEncodings = 0;
			knownRegions = (
				en,
				Base,
			);
			mainGroup = 2A65A7E51CC0C8060099BC9A;
			productRefGroup = 2A65A7EF1CC0C8060099BC9A /* Products */;
			projectDirPath = "";
			projectRoot = "";
			targets = (
				2A65A7ED1CC0C8060099BC9A /* 入门4.0-引用计数 */,
				2A65A8011CC0C8060099BC9A /* 入门4.0-引用计数Tests */,
				2A65A80C1CC0C8070099BC9A /* 入门4.0-引用计数UITests */,
			);
		};
/* End PBXProject section */

/* Begin PBXResourcesBuildPhase section */
		2A65A7EC1CC0C8060099BC9A /* Resources */ = {
			isa = PBXResourcesBuildPhase;
			buildActionMask = 2147483647;
			files = (
				2A65A7FC1CC0C8060099BC9A /* LaunchScreen.storyboard in Resources */,
				2A65A7F91CC0C8060099BC9A /* Assets.xcassets in Resources */,
				2A65A7F71CC0C8060099BC9A /* Main.storyboard in Resources */,
			);
			runOnlyForDeploymentPostprocessing = 0;
		};
		2A65A8001CC0C8060099BC9A /* Resources */ = {
			isa = PBXResourcesBuildPhase;
			buildActionMask = 2147483647;
			files = (
			);
			runOnlyForDeploymentPostprocessing = 0;
		};
		2A65A80B1CC0C8070099BC9A /* Resources */ = {
			isa = PBXResourcesBuildPhase;
			buildActionMask = 2147483647;
			files = (
			);
			runOnlyForDeploymentPostprocessing = 0;
		};
/* End PBXResourcesBuildPhase section */

/* Begin PBXSourcesBuildPhase section */
		2A65A7EA1CC0C8060099BC9A /* Sources */ = {
			isa = PBXSourcesBuildPhase;
			buildActionMask = 2147483647;
			files = (
				2A65A7F41CC0C8060099BC9A /* ViewController.swift in Sources */,
				2A65A7F21CC0C8060099BC9A /* AppDelegate.swift in Sources */,
			);
			runOnlyForDeploymentPostprocessing = 0;
		};
		2A65A7FE1CC0C8060099BC9A /* Sources */ = {
			isa = PBXSourcesBuildPhase;
			buildActionMask = 2147483647;
			files = (
				2A65A8071CC0C8060099BC9A /* __4_0_____Tests.swift in Sources */,
			);
			runOnlyForDeploymentPostprocessing = 0;
		};
		2A65A8091CC0C8070099BC9A /* Sources */ = {
			isa = PBXSourcesBuildPhase;
			buildActionMask = 2147483647;
			files = (
				2A65A8121CC0C8070099BC9A /* __4_0_____UITests.swift in Sources */,
			);
			runOnlyForDeploymentPostprocessing = 0;
		};
/* End PBXSourcesBuildPhase section */

/* Begin PBXTargetDependency section */
		2A65A8041CC0C8060099BC9A /* PBXTargetDependency */ = {
			isa = PBXTargetDependency;
			target = 2A65A7ED1CC0C8060099BC9A /* 入门4.0-引用计数 */;
			targetProxy = 2A65A8031CC0C8060099BC9A /* PBXContainerItemProxy */;
		};
		2A65A80F1CC0C8070099BC9A /* PBXTargetDependency */ = {
			isa = PBXTargetDependency;
			target = 2A65A7ED1CC0C8060099BC9A /* 入门4.0-引用计数 */;
			targetProxy = 2A65A80E1CC0C8070099BC9A /* PBXContainerItemProxy */;
		};
/* End PBXTargetDependency section */

/* Begin PBXVariantGroup section */
		2A65A7F51CC0C8060099BC9A /* Main.storyboard */ = {
			isa = PBXVariantGroup;
			children = (
				2A65A7F61CC0C8060099BC9A /* Base */,
			);
			name = Main.storyboard;
			sourceTree = "<group>";
		};
		2A65A7FA1CC0C8060099BC9A /* LaunchScreen.storyboard */ = {
			isa = PBXVariantGroup;
			children = (
				2A65A7FB1CC0C8060099BC9A /* Base */,
			);
			name = LaunchScreen.storyboard;
			sourceTree = "<group>";
		};
/* End PBXVariantGroup section */

/* Begin XCBuildConfiguration section */
		2A65A8141CC0C8070099BC9A /* Debug */ = {
			isa = XCBuildConfiguration;
			buildSettings = {
				ALWAYS_SEARCH_USER_PATHS = NO;
				CLANG_ANALYZER_NONNULL = YES;
				CLANG_CXX_LANGUAGE_STANDARD = "gnu++0x";
				CLANG_CXX_LIBRARY = "libc++";
				CLANG_ENABLE_MODULES = YES;
				CLANG_ENABLE_OBJC_ARC = YES;
				CLANG_WARN_BOOL_CONVERSION = YES;
				CLANG_WARN_CONSTANT_CONVERSION = YES;
				CLANG_WARN_DIRECT_OBJC_ISA_USAGE = YES_ERROR;
				CLANG_WARN_EMPTY_BODY = YES;
				CLANG_WARN_ENUM_CONVERSION = YES;
				CLANG_WARN_INT_CONVERSION = YES;
				CLANG_WARN_OBJC_ROOT_CLASS = YES_ERROR;
				CLANG_WARN_UNREACHABLE_CODE = YES;
				CLANG_WARN__DUPLICATE_METHOD_MATCH = YES;
				"CODE_SIGN_IDENTITY[sdk=iphoneos*]" = "iPhone Developer";
				COPY_PHASE_STRIP = NO;
				DEBUG_INFORMATION_FORMAT = dwarf;
				ENABLE_STRICT_OBJC_MSGSEND = YES;
				ENABLE_TESTABILITY = YES;
				GCC_C_LANGUAGE_STANDARD = gnu99;
				GCC_DYNAMIC_NO_PIC = NO;
				GCC_NO_COMMON_BLOCKS = YES;
				GCC_OPTIMIZATION_LEVEL = 0;
				GCC_PREPROCESSOR_DEFINITIONS = (
					"DEBUG=1",
					"$(inherited)",
				);
				GCC_WARN_64_TO_32_BIT_CONVERSION = YES;
				GCC_WARN_ABOUT_RETURN_TYPE = YES_ERROR;
				GCC_WARN_UNDECLARED_SELECTOR = YES;
				GCC_WARN_UNINITIALIZED_AUTOS = YES_AGGRESSIVE;
				GCC_WARN_UNUSED_FUNCTION = YES;
				GCC_WARN_UNUSED_VARIABLE = YES;
				IPHONEOS_DEPLOYMENT_TARGET = 9.3;
				MTL_ENABLE_DEBUG_INFO = YES;
				ONLY_ACTIVE_ARCH = YES;
				SDKROOT = iphoneos;
				SWIFT_OPTIMIZATION_LEVEL = "-Onone";
			};
			name = Debug;
		};
		2A65A8151CC0C8070099BC9A /* Release */ = {
			isa = XCBuildConfiguration;
			buildSettings = {
				ALWAYS_SEARCH_USER_PATHS = NO;
				CLANG_ANALYZER_NONNULL = YES;
				CLANG_CXX_LANGUAGE_STANDARD = "gnu++0x";
				CLANG_CXX_LIBRARY = "libc++";
				CLANG_ENABLE_MODULES = YES;
				CLANG_ENABLE_OBJC_ARC = YES;
				CLANG_WARN_BOOL_CONVERSION = YES;
				CLANG_WARN_CONSTANT_CONVERSION = YES;
				CLANG_WARN_DIRECT_OBJC_ISA_USAGE = YES_ERROR;
				CLANG_WARN_EMPTY_BODY = YES;
				CLANG_WARN_ENUM_CONVERSION = YES;
				CLANG_WARN_INT_CONVERSION = YES;
				CLANG_WARN_OBJC_ROOT_CLASS = YES_ERROR;
				CLANG_WARN_UNREACHABLE_CODE = YES;
				CLANG_WARN__DUPLICATE_METHOD_MATCH = YES;
				"CODE_SIGN_IDENTITY[sdk=iphoneos*]" = "iPhone Developer";
				COPY_PHASE_STRIP = NO;
				DEBUG_INFORMATION_FORMAT = "dwarf-with-dsym";
				ENABLE_NS_ASSERTIONS = NO;
				ENABLE_STRICT_OBJC_MSGSEND = YES;
				GCC_C_LANGUAGE_STANDARD = gnu99;
				GCC_NO_COMMON_BLOCKS = YES;
				GCC_WARN_64_TO_32_BIT_CONVERSION = YES;
				GCC_WARN_ABOUT_RETURN_TYPE = YES_ERROR;
				GCC_WARN_UNDECLARED_SELECTOR = YES;
				GCC_WARN_UNINITIALIZED_AUTOS = YES_AGGRESSIVE;
				GCC_WARN_UNUSED_FUNCTION = YES;
				GCC_WARN_UNUSED_VARIABLE = YES;
				IPHONEOS_DEPLOYMENT_TARGET = 9.3;
				MTL_ENABLE_DEBUG_INFO = NO;
				SDKROOT = iphoneos;
				VALIDATE_PRODUCT = YES;
			};
			name = Release;
		};
		2A65A8171CC0C8070099BC9A /* Debug */ = {
			isa = XCBuildConfiguration;
			buildSettings = {
				ASSETCATALOG_COMPILER_APPICON_NAME = AppIcon;
				DEVELOPMENT_TEAM = KKHXU36BGT;
				INFOPLIST_FILE = "入门4.0-引用计数/Info.plist";
				LD_RUNPATH_SEARCH_PATHS = "$(inherited) @executable_path/Frameworks";
				PRODUCT_BUNDLE_IDENTIFIER = "LJ.--4-0-----";
				PRODUCT_NAME = "$(TARGET_NAME)";
				SWIFT_VERSION = 3.0;
			};
			name = Debug;
		};
		2A65A8181CC0C8070099BC9A /* Release */ = {
			isa = XCBuildConfiguration;
			buildSettings = {
				ASSETCATALOG_COMPILER_APPICON_NAME = AppIcon;
				DEVELOPMENT_TEAM = KKHXU36BGT;
				INFOPLIST_FILE = "入门4.0-引用计数/Info.plist";
				LD_RUNPATH_SEARCH_PATHS = "$(inherited) @executable_path/Frameworks";
				PRODUCT_BUNDLE_IDENTIFIER = "LJ.--4-0-----";
				PRODUCT_NAME = "$(TARGET_NAME)";
				SWIFT_VERSION = 3.0;
			};
			name = Release;
		};
		2A65A81A1CC0C8070099BC9A /* Debug */ = {
			isa = XCBuildConfiguration;
			buildSettings = {
				BUNDLE_LOADER = "$(TEST_HOST)";
				INFOPLIST_FILE = "入门4.0-引用计数Tests/Info.plist";
				LD_RUNPATH_SEARCH_PATHS = "$(inherited) @executable_path/Frameworks @loader_path/Frameworks";
				PRODUCT_BUNDLE_IDENTIFIER = "LJ.--4-0-----Tests";
				PRODUCT_NAME = "$(TARGET_NAME)";
				SWIFT_VERSION = 3.0;
				TEST_HOST = "$(BUILT_PRODUCTS_DIR)/入门4.0-引用计数.app/入门4.0-引用计数";
			};
			name = Debug;
		};
		2A65A81B1CC0C8070099BC9A /* Release */ = {
			isa = XCBuildConfiguration;
			buildSettings = {
				BUNDLE_LOADER = "$(TEST_HOST)";
				INFOPLIST_FILE = "入门4.0-引用计数Tests/Info.plist";
				LD_RUNPATH_SEARCH_PATHS = "$(inherited) @executable_path/Frameworks @loader_path/Frameworks";
				PRODUCT_BUNDLE_IDENTIFIER = "LJ.--4-0-----Tests";
				PRODUCT_NAME = "$(TARGET_NAME)";
				SWIFT_VERSION = 3.0;
				TEST_HOST = "$(BUILT_PRODUCTS_DIR)/入门4.0-引用计数.app/入门4.0-引用计数";
			};
			name = Release;
		};
		2A65A81D1CC0C8070099BC9A /* Debug */ = {
			isa = XCBuildConfiguration;
			buildSettings = {
				INFOPLIST_FILE = "入门4.0-引用计数UITests/Info.plist";
				LD_RUNPATH_SEARCH_PATHS = "$(inherited) @executable_path/Frameworks @loader_path/Frameworks";
				PRODUCT_BUNDLE_IDENTIFIER = "LJ.--4-0-----UITests";
				PRODUCT_NAME = "$(TARGET_NAME)";
				SWIFT_VERSION = 3.0;
				TEST_TARGET_NAME = "入门4.0-引用计数";
			};
			name = Debug;
		};
		2A65A81E1CC0C8070099BC9A /* Release */ = {
			isa = XCBuildConfiguration;
			buildSettings = {
				INFOPLIST_FILE = "入门4.0-引用计数UITests/Info.plist";
				LD_RUNPATH_SEARCH_PATHS = "$(inherited) @executable_path/Frameworks @loader_path/Frameworks";
				PRODUCT_BUNDLE_IDENTIFIER = "LJ.--4-0-----UITests";
				PRODUCT_NAME = "$(TARGET_NAME)";
				SWIFT_VERSION = 3.0;
				TEST_TARGET_NAME = "入门4.0-引用计数";
			};
			name = Release;
		};
/* End XCBuildConfiguration section */

/* Begin XCConfigurationList section */
		2A65A7E91CC0C8060099BC9A /* Build configuration list for PBXProject "入门4.0-引用计数" */ = {
			isa = XCConfigurationList;
			buildConfigurations = (
				2A65A8141CC0C8070099BC9A /* Debug */,
				2A65A8151CC0C8070099BC9A /* Release */,
			);
			defaultConfigurationIsVisible = 0;
			defaultConfigurationName = Release;
		};
		2A65A8161CC0C8070099BC9A /* Build configuration list for PBXNativeTarget "入门4.0-引用计数" */ = {
			isa = XCConfigurationList;
			buildConfigurations = (
				2A65A8171CC0C8070099BC9A /* Debug */,
				2A65A8181CC0C8070099BC9A /* Release */,
			);
			defaultConfigurationIsVisible = 0;
			defaultConfigurationName = Release;
		};
		2A65A8191CC0C8070099BC9A /* Build configuration list for PBXNativeTarget "入门4.0-引用计数Tests" */ = {
			isa = XCConfigurationList;
			buildConfigurations = (
				2A65A81A1CC0C8070099BC9A /* Debug */,
				2A65A81B1CC0C8070099BC9A /* Release */,
			);
			defaultConfigurationIsVisible = 0;
			defaultConfigurationName = Release;
		};
		2A65A81C1CC0C8070099BC9A /* Build configuration list for PBXNativeTarget "入门4.0-引用计数UITests" */ = {
			isa = XCConfigurationList;
			buildConfigurations = (
				2A65A81D1CC0C8070099BC9A /* Debug */,
				2A65A81E1CC0C8070099BC9A /* Release */,
			);
			defaultConfigurationIsVisible = 0;
			defaultConfigurationName = Release;
		};
/* End XCConfigurationList section */
	};
	rootObject = 2A65A7E61CC0C8060099BC9A /* Project object */;
}
