// !$*UTF8*$!
{
	archiveVersion = 1;
	classes = {
	};
	objectVersion = 46;
	objects = {

/* Begin PBXBuildFile section */
		2A65A77E1CC0764B0099BC9A /* AppDelegate.swift in Sources */ = {isa = PBXBuildFile; fileRef = 2A65A77D1CC0764B0099BC9A /* AppDelegate.swift */; };
		2A65A7801CC0764B0099BC9A /* ViewController.swift in Sources */ = {isa = PBXBuildFile; fileRef = 2A65A77F1CC0764B0099BC9A /* ViewController.swift */; };
		2A65A7831CC0764B0099BC9A /* Main.storyboard in Resources */ = {isa = PBXBuildFile; fileRef = 2A65A7811CC0764B0099BC9A /* Main.storyboard */; };
		2A65A7851CC0764B0099BC9A /* Assets.xcassets in Resources */ = {isa = PBXBuildFile; fileRef = 2A65A7841CC0764B0099BC9A /* Assets.xcassets */; };
		2A65A7881CC0764B0099BC9A /* LaunchScreen.storyboard in Resources */ = {isa = PBXBuildFile; fileRef = 2A65A7861CC0764B0099BC9A /* LaunchScreen.storyboard */; };
		2A65A7931CC0764B0099BC9A /* __3_0___Tests.swift in Sources */ = {isa = PBXBuildFile; fileRef = 2A65A7921CC0764B0099BC9A /* __3_0___Tests.swift */; };
		2A65A79E1CC0764B0099BC9A /* __3_0___UITests.swift in Sources */ = {isa = PBXBuildFile; fileRef = 2A65A79D1CC0764B0099BC9A /* __3_0___UITests.swift */; };
/* End PBXBuildFile section */

/* Begin PBXContainerItemProxy section */
		2A65A78F1CC0764B0099BC9A /* PBXContainerItemProxy */ = {
			isa = PBXContainerItemProxy;
			containerPortal = 2A65A7721CC0764A0099BC9A /* Project object */;
			proxyType = 1;
			remoteGlobalIDString = 2A65A7791CC0764A0099BC9A;
			remoteInfo = "入门3.0-继承";
		};
		2A65A79A1CC0764B0099BC9A /* PBXContainerItemProxy */ = {
			isa = PBXContainerItemProxy;
			containerPortal = 2A65A7721CC0764A0099BC9A /* Project object */;
			proxyType = 1;
			remoteGlobalIDString = 2A65A7791CC0764A0099BC9A;
			remoteInfo = "入门3.0-继承";
		};
/* End PBXContainerItemProxy section */

/* Begin PBXFileReference section */
		2A65A77A1CC0764B0099BC9A /* 入门3.0-继承.app */ = {isa = PBXFileReference; explicitFileType = wrapper.application; includeInIndex = 0; path = "入门3.0-继承.app"; sourceTree = BUILT_PRODUCTS_DIR; };
		2A65A77D1CC0764B0099BC9A /* AppDelegate.swift */ = {isa = PBXFileReference; lastKnownFileType = sourcecode.swift; path = AppDelegate.swift; sourceTree = "<group>"; };
		2A65A77F1CC0764B0099BC9A /* ViewController.swift */ = {isa = PBXFileReference; lastKnownFileType = sourcecode.swift; path = ViewController.swift; sourceTree = "<group>"; };
		2A65A7821CC0764B0099BC9A /* Base */ = {isa = PBXFileReference; lastKnownFileType = file.storyboard; name = Base; path = Base.lproj/Main.storyboard; sourceTree = "<group>"; };
		2A65A7841CC0764B0099BC9A /* Assets.xcassets */ = {isa = PBXFileReference; lastKnownFileType = folder.assetcatalog; path = Assets.xcassets; sourceTree = "<group>"; };
		2A65A7871CC0764B0099BC9A /* Base */ = {isa = PBXFileReference; lastKnownFileType = file.storyboard; name = Base; path = Base.lproj/LaunchScreen.storyboard; sourceTree = "<group>"; };
		2A65A7891CC0764B0099BC9A /* Info.plist */ = {isa = PBXFileReference; lastKnownFileType = text.plist.xml; path = Info.plist; sourceTree = "<group>"; };
		2A65A78E1CC0764B0099BC9A /* 入门3.0-继承Tests.xctest */ = {isa = PBXFileReference; explicitFileType = wrapper.cfbundle; includeInIndex = 0; path = "入门3.0-继承Tests.xctest"; sourceTree = BUILT_PRODUCTS_DIR; };
		2A65A7921CC0764B0099BC9A /* __3_0___Tests.swift */ = {isa = PBXFileReference; lastKnownFileType = sourcecode.swift; path = "__3_0___Tests.swift"; sourceTree = "<group>"; };
		2A65A7941CC0764B0099BC9A /* Info.plist */ = {isa = PBXFileReference; lastKnownFileType = text.plist.xml; path = Info.plist; sourceTree = "<group>"; };
		2A65A7991CC0764B0099BC9A /* 入门3.0-继承UITests.xctest */ = {isa = PBXFileReference; explicitFileType = wrapper.cfbundle; includeInIndex = 0; path = "入门3.0-继承UITests.xctest"; sourceTree = BUILT_PRODUCTS_DIR; };
		2A65A79D1CC0764B0099BC9A /* __3_0___UITests.swift */ = {isa = PBXFileReference; lastKnownFileType = sourcecode.swift; path = "__3_0___UITests.swift"; sourceTree = "<group>"; };
		2A65A79F1CC0764B0099BC9A /* Info.plist */ = {isa = PBXFileReference; lastKnownFileType = text.plist.xml; path = Info.plist; sourceTree = "<group>"; };
/* End PBXFileReference section */

/* Begin PBXFrameworksBuildPhase section */
		2A65A7771CC0764A0099BC9A /* Frameworks */ = {
			isa = PBXFrameworksBuildPhase;
			buildActionMask = 2147483647;
			files = (
			);
			runOnlyForDeploymentPostprocessing = 0;
		};
		2A65A78B1CC0764B0099BC9A /* Frameworks */ = {
			isa = PBXFrameworksBuildPhase;
			buildActionMask = 2147483647;
			files = (
			);
			runOnlyForDeploymentPostprocessing = 0;
		};
		2A65A7961CC0764B0099BC9A /* Frameworks */ = {
			isa = PBXFrameworksBuildPhase;
			buildActionMask = 2147483647;
			files = (
			);
			runOnlyForDeploymentPostprocessing = 0;
		};
/* End PBXFrameworksBuildPhase section */

/* Begin PBXGroup section */
		2A65A7711CC0764A0099BC9A = {
			isa = PBXGroup;
			children = (
				2A65A77C1CC0764B0099BC9A /* 入门3.0-继承 */,
				2A65A7911CC0764B0099BC9A /* 入门3.0-继承Tests */,
				2A65A79C1CC0764B0099BC9A /* 入门3.0-继承UITests */,
				2A65A77B1CC0764B0099BC9A /* Products */,
			);
			sourceTree = "<group>";
		};
		2A65A77B1CC0764B0099BC9A /* Products */ = {
			isa = PBXGroup;
			children = (
				2A65A77A1CC0764B0099BC9A /* 入门3.0-继承.app */,
				2A65A78E1CC0764B0099BC9A /* 入门3.0-继承Tests.xctest */,
				2A65A7991CC0764B0099BC9A /* 入门3.0-继承UITests.xctest */,
			);
			name = Products;
			sourceTree = "<group>";
		};
		2A65A77C1CC0764B0099BC9A /* 入门3.0-继承 */ = {
			isa = PBXGroup;
			children = (
				2A65A77D1CC0764B0099BC9A /* AppDelegate.swift */,
				2A65A77F1CC0764B0099BC9A /* ViewController.swift */,
				2A65A7811CC0764B0099BC9A /* Main.storyboard */,
				2A65A7841CC0764B0099BC9A /* Assets.xcassets */,
				2A65A7861CC0764B0099BC9A /* LaunchScreen.storyboard */,
				2A65A7891CC0764B0099BC9A /* Info.plist */,
			);
			path = "入门3.0-继承";
			sourceTree = "<group>";
		};
		2A65A7911CC0764B0099BC9A /* 入门3.0-继承Tests */ = {
			isa = PBXGroup;
			children = (
				2A65A7921CC0764B0099BC9A /* __3_0___Tests.swift */,
				2A65A7941CC0764B0099BC9A /* Info.plist */,
			);
			path = "入门3.0-继承Tests";
			sourceTree = "<group>";
		};
		2A65A79C1CC0764B0099BC9A /* 入门3.0-继承UITests */ = {
			isa = PBXGroup;
			children = (
				2A65A79D1CC0764B0099BC9A /* __3_0___UITests.swift */,
				2A65A79F1CC0764B0099BC9A /* Info.plist */,
			);
			path = "入门3.0-继承UITests";
			sourceTree = "<group>";
		};
/* End PBXGroup section */

/* Begin PBXNativeTarget section */
		2A65A7791CC0764A0099BC9A /* 入门3.0-继承 */ = {
			isa = PBXNativeTarget;
			buildConfigurationList = 2A65A7A21CC0764B0099BC9A /* Build configuration list for PBXNativeTarget "入门3.0-继承" */;
			buildPhases = (
				2A65A7761CC0764A0099BC9A /* Sources */,
				2A65A7771CC0764A0099BC9A /* Frameworks */,
				2A65A7781CC0764A0099BC9A /* Resources */,
			);
			buildRules = (
			);
			dependencies = (
			);
			name = "入门3.0-继承";
			productName = "入门3.0-继承";
			productReference = 2A65A77A1CC0764B0099BC9A /* 入门3.0-继承.app */;
			productType = "com.apple.product-type.application";
		};
		2A65A78D1CC0764B0099BC9A /* 入门3.0-继承Tests */ = {
			isa = PBXNativeTarget;
			buildConfigurationList = 2A65A7A51CC0764B0099BC9A /* Build configuration list for PBXNativeTarget "入门3.0-继承Tests" */;
			buildPhases = (
				2A65A78A1CC0764B0099BC9A /* Sources */,
				2A65A78B1CC0764B0099BC9A /* Frameworks */,
				2A65A78C1CC0764B0099BC9A /* Resources */,
			);
			buildRules = (
			);
			dependencies = (
				2A65A7901CC0764B0099BC9A /* PBXTargetDependency */,
			);
			name = "入门3.0-继承Tests";
			productName = "入门3.0-继承Tests";
			productReference = 2A65A78E1CC0764B0099BC9A /* 入门3.0-继承Tests.xctest */;
			productType = "com.apple.product-type.bundle.unit-test";
		};
		2A65A7981CC0764B0099BC9A /* 入门3.0-继承UITests */ = {
			isa = PBXNativeTarget;
			buildConfigurationList = 2A65A7A81CC0764B0099BC9A /* Build configuration list for PBXNativeTarget "入门3.0-继承UITests" */;
			buildPhases = (
				2A65A7951CC0764B0099BC9A /* Sources */,
				2A65A7961CC0764B0099BC9A /* Frameworks */,
				2A65A7971CC0764B0099BC9A /* Resources */,
			);
			buildRules = (
			);
			dependencies = (
				2A65A79B1CC0764B0099BC9A /* PBXTargetDependency */,
			);
			name = "入门3.0-继承UITests";
			productName = "入门3.0-继承UITests";
			productReference = 2A65A7991CC0764B0099BC9A /* 入门3.0-继承UITests.xctest */;
			productType = "com.apple.product-type.bundle.ui-testing";
		};
/* End PBXNativeTarget section */

/* Begin PBXProject section */
		2A65A7721CC0764A0099BC9A /* Project object */ = {
			isa = PBXProject;
			attributes = {
				LastSwiftUpdateCheck = 0730;
				LastUpgradeCheck = 0730;
				ORGANIZATIONNAME = LiJie;
				TargetAttributes = {
					2A65A7791CC0764A0099BC9A = {
						CreatedOnToolsVersion = 7.3;
						DevelopmentTeam = KKHXU36BGT;
						LastSwiftMigration = 0800;
					};
					2A65A78D1CC0764B0099BC9A = {
						CreatedOnToolsVersion = 7.3;
						LastSwiftMigration = 0800;
						TestTargetID = 2A65A7791CC0764A0099BC9A;
					};
					2A65A7981CC0764B0099BC9A = {
						CreatedOnToolsVersion = 7.3;
						LastSwiftMigration = 0800;
						TestTargetID = 2A65A7791CC0764A0099BC9A;
					};
				};
			};
			buildConfigurationList = 2A65A7751CC0764A0099BC9A /* Build configuration list for PBXProject "入门3.0-继承" */;
			compatibilityVersion = "Xcode 3.2";
			developmentRegion = English;
			hasScannedForEncodings = 0;
			knownRegions = (
				en,
				Base,
			);
			mainGroup = 2A65A7711CC0764A0099BC9A;
			productRefGroup = 2A65A77B1CC0764B0099BC9A /* Products */;
			projectDirPath = "";
			projectRoot = "";
			targets = (
				2A65A7791CC0764A0099BC9A /* 入门3.0-继承 */,
				2A65A78D1CC0764B0099BC9A /* 入门3.0-继承Tests */,
				2A65A7981CC0764B0099BC9A /* 入门3.0-继承UITests */,
			);
		};
/* End PBXProject section */

/* Begin PBXResourcesBuildPhase section */
		2A65A7781CC0764A0099BC9A /* Resources */ = {
			isa = PBXResourcesBuildPhase;
			buildActionMask = 2147483647;
			files = (
				2A65A7881CC0764B0099BC9A /* LaunchScreen.storyboard in Resources */,
				2A65A7851CC0764B0099BC9A /* Assets.xcassets in Resources */,
				2A65A7831CC0764B0099BC9A /* Main.storyboard in Resources */,
			);
			runOnlyForDeploymentPostprocessing = 0;
		};
		2A65A78C1CC0764B0099BC9A /* Resources */ = {
			isa = PBXResourcesBuildPhase;
			buildActionMask = 2147483647;
			files = (
			);
			runOnlyForDeploymentPostprocessing = 0;
		};
		2A65A7971CC0764B0099BC9A /* Resources */ = {
			isa = PBXResourcesBuildPhase;
			buildActionMask = 2147483647;
			files = (
			);
			runOnlyForDeploymentPostprocessing = 0;
		};
/* End PBXResourcesBuildPhase section */

/* Begin PBXSourcesBuildPhase section */
		2A65A7761CC0764A0099BC9A /* Sources */ = {
			isa = PBXSourcesBuildPhase;
			buildActionMask = 2147483647;
			files = (
				2A65A7801CC0764B0099BC9A /* ViewController.swift in Sources */,
				2A65A77E1CC0764B0099BC9A /* AppDelegate.swift in Sources */,
			);
			runOnlyForDeploymentPostprocessing = 0;
		};
		2A65A78A1CC0764B0099BC9A /* Sources */ = {
			isa = PBXSourcesBuildPhase;
			buildActionMask = 2147483647;
			files = (
				2A65A7931CC0764B0099BC9A /* __3_0___Tests.swift in Sources */,
			);
			runOnlyForDeploymentPostprocessing = 0;
		};
		2A65A7951CC0764B0099BC9A /* Sources */ = {
			isa = PBXSourcesBuildPhase;
			buildActionMask = 2147483647;
			files = (
				2A65A79E1CC0764B0099BC9A /* __3_0___UITests.swift in Sources */,
			);
			runOnlyForDeploymentPostprocessing = 0;
		};
/* End PBXSourcesBuildPhase section */

/* Begin PBXTargetDependency section */
		2A65A7901CC0764B0099BC9A /* PBXTargetDependency */ = {
			isa = PBXTargetDependency;
			target = 2A65A7791CC0764A0099BC9A /* 入门3.0-继承 */;
			targetProxy = 2A65A78F1CC0764B0099BC9A /* PBXContainerItemProxy */;
		};
		2A65A79B1CC0764B0099BC9A /* PBXTargetDependency */ = {
			isa = PBXTargetDependency;
			target = 2A65A7791CC0764A0099BC9A /* 入门3.0-继承 */;
			targetProxy = 2A65A79A1CC0764B0099BC9A /* PBXContainerItemProxy */;
		};
/* End PBXTargetDependency section */

/* Begin PBXVariantGroup section */
		2A65A7811CC0764B0099BC9A /* Main.storyboard */ = {
			isa = PBXVariantGroup;
			children = (
				2A65A7821CC0764B0099BC9A /* Base */,
			);
			name = Main.storyboard;
			sourceTree = "<group>";
		};
		2A65A7861CC0764B0099BC9A /* LaunchScreen.storyboard */ = {
			isa = PBXVariantGroup;
			children = (
				2A65A7871CC0764B0099BC9A /* Base */,
			);
			name = LaunchScreen.storyboard;
			sourceTree = "<group>";
		};
/* End PBXVariantGroup section */

/* Begin XCBuildConfiguration section */
		2A65A7A01CC0764B0099BC9A /* Debug */ = {
			isa = XCBuildConfiguration;
			buildSettings = {
				ALWAYS_SEARCH_USER_PATHS = NO;
				CLANG_ANALYZER_NONNULL = YES;
				CLANG_CXX_LANGUAGE_STANDARD = "gnu++0x";
				CLANG_CXX_LIBRARY = "libc++";
				CLANG_ENABLE_MODULES = YES;
				CLANG_ENABLE_OBJC_ARC = YES;
				CLANG_WARN_BOOL_CONVERSION = YES;
				CLANG_WARN_CONSTANT_CONVERSION = YES;
				CLANG_WARN_DIRECT_OBJC_ISA_USAGE = YES_ERROR;
				CLANG_WARN_EMPTY_BODY = YES;
				CLANG_WARN_ENUM_CONVERSION = YES;
				CLANG_WARN_INT_CONVERSION = YES;
				CLANG_WARN_OBJC_ROOT_CLASS = YES_ERROR;
				CLANG_WARN_UNREACHABLE_CODE = YES;
				CLANG_WARN__DUPLICATE_METHOD_MATCH = YES;
				"CODE_SIGN_IDENTITY[sdk=iphoneos*]" = "iPhone Developer";
				COPY_PHASE_STRIP = NO;
				DEBUG_INFORMATION_FORMAT = dwarf;
				ENABLE_STRICT_OBJC_MSGSEND = YES;
				ENABLE_TESTABILITY = YES;
				GCC_C_LANGUAGE_STANDARD = gnu99;
				GCC_DYNAMIC_NO_PIC = NO;
				GCC_NO_COMMON_BLOCKS = YES;
				GCC_OPTIMIZATION_LEVEL = 0;
				GCC_PREPROCESSOR_DEFINITIONS = (
					"DEBUG=1",
					"$(inherited)",
				);
				GCC_WARN_64_TO_32_BIT_CONVERSION = YES;
				GCC_WARN_ABOUT_RETURN_TYPE = YES_ERROR;
				GCC_WARN_UNDECLARED_SELECTOR = YES;
				GCC_WARN_UNINITIALIZED_AUTOS = YES_AGGRESSIVE;
				GCC_WARN_UNUSED_FUNCTION = YES;
				GCC_WARN_UNUSED_VARIABLE = YES;
				IPHONEOS_DEPLOYMENT_TARGET = 9.3;
				MTL_ENABLE_DEBUG_INFO = YES;
				ONLY_ACTIVE_ARCH = YES;
				SDKROOT = iphoneos;
				SWIFT_OPTIMIZATION_LEVEL = "-Onone";
			};
			name = Debug;
		};
		2A65A7A11CC0764B0099BC9A /* Release */ = {
			isa = XCBuildConfiguration;
			buildSettings = {
				ALWAYS_SEARCH_USER_PATHS = NO;
				CLANG_ANALYZER_NONNULL = YES;
				CLANG_CXX_LANGUAGE_STANDARD = "gnu++0x";
				CLANG_CXX_LIBRARY = "libc++";
				CLANG_ENABLE_MODULES = YES;
				CLANG_ENABLE_OBJC_ARC = YES;
				CLANG_WARN_BOOL_CONVERSION = YES;
				CLANG_WARN_CONSTANT_CONVERSION = YES;
				CLANG_WARN_DIRECT_OBJC_ISA_USAGE = YES_ERROR;
				CLANG_WARN_EMPTY_BODY = YES;
				CLANG_WARN_ENUM_CONVERSION = YES;
				CLANG_WARN_INT_CONVERSION = YES;
				CLANG_WARN_OBJC_ROOT_CLASS = YES_ERROR;
				CLANG_WARN_UNREACHABLE_CODE = YES;
				CLANG_WARN__DUPLICATE_METHOD_MATCH = YES;
				"CODE_SIGN_IDENTITY[sdk=iphoneos*]" = "iPhone Developer";
				COPY_PHASE_STRIP = NO;
				DEBUG_INFORMATION_FORMAT = "dwarf-with-dsym";
				ENABLE_NS_ASSERTIONS = NO;
				ENABLE_STRICT_OBJC_MSGSEND = YES;
				GCC_C_LANGUAGE_STANDARD = gnu99;
				GCC_NO_COMMON_BLOCKS = YES;
				GCC_WARN_64_TO_32_BIT_CONVERSION = YES;
				GCC_WARN_ABOUT_RETURN_TYPE = YES_ERROR;
				GCC_WARN_UNDECLARED_SELECTOR = YES;
				GCC_WARN_UNINITIALIZED_AUTOS = YES_AGGRESSIVE;
				GCC_WARN_UNUSED_FUNCTION = YES;
				GCC_WARN_UNUSED_VARIABLE = YES;
				IPHONEOS_DEPLOYMENT_TARGET = 9.3;
				MTL_ENABLE_DEBUG_INFO = NO;
				SDKROOT = iphoneos;
				VALIDATE_PRODUCT = YES;
			};
			name = Release;
		};
		2A65A7A31CC0764B0099BC9A /* Debug */ = {
			isa = XCBuildConfiguration;
			buildSettings = {
				ASSETCATALOG_COMPILER_APPICON_NAME = AppIcon;
				DEVELOPMENT_TEAM = KKHXU36BGT;
				INFOPLIST_FILE = "入门3.0-继承/Info.plist";
				LD_RUNPATH_SEARCH_PATHS = "$(inherited) @executable_path/Frameworks";
				PRODUCT_BUNDLE_IDENTIFIER = "LJ.--3-0---";
				PRODUCT_NAME = "$(TARGET_NAME)";
				SWIFT_VERSION = 3.0;
			};
			name = Debug;
		};
		2A65A7A41CC0764B0099BC9A /* Release */ = {
			isa = XCBuildConfiguration;
			buildSettings = {
				ASSETCATALOG_COMPILER_APPICON_NAME = AppIcon;
				DEVELOPMENT_TEAM = KKHXU36BGT;
				INFOPLIST_FILE = "入门3.0-继承/Info.plist";
				LD_RUNPATH_SEARCH_PATHS = "$(inherited) @executable_path/Frameworks";
				PRODUCT_BUNDLE_IDENTIFIER = "LJ.--3-0---";
				PRODUCT_NAME = "$(TARGET_NAME)";
				SWIFT_VERSION = 3.0;
			};
			name = Release;
		};
		2A65A7A61CC0764B0099BC9A /* Debug */ = {
			isa = XCBuildConfiguration;
			buildSettings = {
				BUNDLE_LOADER = "$(TEST_HOST)";
				INFOPLIST_FILE = "入门3.0-继承Tests/Info.plist";
				LD_RUNPATH_SEARCH_PATHS = "$(inherited) @executable_path/Frameworks @loader_path/Frameworks";
				PRODUCT_BUNDLE_IDENTIFIER = "LJ.--3-0---Tests";
				PRODUCT_NAME = "$(TARGET_NAME)";
				SWIFT_VERSION = 3.0;
				TEST_HOST = "$(BUILT_PRODUCTS_DIR)/入门3.0-继承.app/入门3.0-继承";
			};
			name = Debug;
		};
		2A65A7A71CC0764B0099BC9A /* Release */ = {
			isa = XCBuildConfiguration;
			buildSettings = {
				BUNDLE_LOADER = "$(TEST_HOST)";
				INFOPLIST_FILE = "入门3.0-继承Tests/Info.plist";
				LD_RUNPATH_SEARCH_PATHS = "$(inherited) @executable_path/Frameworks @loader_path/Frameworks";
				PRODUCT_BUNDLE_IDENTIFIER = "LJ.--3-0---Tests";
				PRODUCT_NAME = "$(TARGET_NAME)";
				SWIFT_VERSION = 3.0;
				TEST_HOST = "$(BUILT_PRODUCTS_DIR)/入门3.0-继承.app/入门3.0-继承";
			};
			name = Release;
		};
		2A65A7A91CC0764B0099BC9A /* Debug */ = {
			isa = XCBuildConfiguration;
			buildSettings = {
				INFOPLIST_FILE = "入门3.0-继承UITests/Info.plist";
				LD_RUNPATH_SEARCH_PATHS = "$(inherited) @executable_path/Frameworks @loader_path/Frameworks";
				PRODUCT_BUNDLE_IDENTIFIER = "LJ.--3-0---UITests";
				PRODUCT_NAME = "$(TARGET_NAME)";
				SWIFT_VERSION = 3.0;
				TEST_TARGET_NAME = "入门3.0-继承";
			};
			name = Debug;
		};
		2A65A7AA1CC0764B0099BC9A /* Release */ = {
			isa = XCBuildConfiguration;
			buildSettings = {
				INFOPLIST_FILE = "入门3.0-继承UITests/Info.plist";
				LD_RUNPATH_SEARCH_PATHS = "$(inherited) @executable_path/Frameworks @loader_path/Frameworks";
				PRODUCT_BUNDLE_IDENTIFIER = "LJ.--3-0---UITests";
				PRODUCT_NAME = "$(TARGET_NAME)";
				SWIFT_VERSION = 3.0;
				TEST_TARGET_NAME = "入门3.0-继承";
			};
			name = Release;
		};
/* End XCBuildConfiguration section */

/* Begin XCConfigurationList section */
		2A65A7751CC0764A0099BC9A /* Build configuration list for PBXProject "入门3.0-继承" */ = {
			isa = XCConfigurationList;
			buildConfigurations = (
				2A65A7A01CC0764B0099BC9A /* Debug */,
				2A65A7A11CC0764B0099BC9A /* Release */,
			);
			defaultConfigurationIsVisible = 0;
			defaultConfigurationName = Release;
		};
		2A65A7A21CC0764B0099BC9A /* Build configuration list for PBXNativeTarget "入门3.0-继承" */ = {
			isa = XCConfigurationList;
			buildConfigurations = (
				2A65A7A31CC0764B0099BC9A /* Debug */,
				2A65A7A41CC0764B0099BC9A /* Release */,
			);
			defaultConfigurationIsVisible = 0;
			defaultConfigurationName = Release;
		};
		2A65A7A51CC0764B0099BC9A /* Build configuration list for PBXNativeTarget "入门3.0-继承Tests" */ = {
			isa = XCConfigurationList;
			buildConfigurations = (
				2A65A7A61CC0764B0099BC9A /* Debug */,
				2A65A7A71CC0764B0099BC9A /* Release */,
			);
			defaultConfigurationIsVisible = 0;
			defaultConfigurationName = Release;
		};
		2A65A7A81CC0764B0099BC9A /* Build configuration list for PBXNativeTarget "入门3.0-继承UITests" */ = {
			isa = XCConfigurationList;
			buildConfigurations = (
				2A65A7A91CC0764B0099BC9A /* Debug */,
				2A65A7AA1CC0764B0099BC9A /* Release */,
			);
			defaultConfigurationIsVisible = 0;
			defaultConfigurationName = Release;
		};
/* End XCConfigurationList section */
	};
	rootObject = 2A65A7721CC0764A0099BC9A /* Project object */;
}
